// !$*UTF8*$!
{
	archiveVersion = 1;
	classes = {
	};
	objectVersion = 55;
	objects = {

/* Begin PBXBuildFile section */
		AA3715EE299468A200B9E97D /* CoreDataServiceProtocol.swift in Sources */ = {isa = PBXBuildFile; fileRef = AA3715ED299468A200B9E97D /* CoreDataServiceProtocol.swift */; };
		AA435102299864C70082234B /* FileManagerServiceTests.swift in Sources */ = {isa = PBXBuildFile; fileRef = AA435101299864C70082234B /* FileManagerServiceTests.swift */; };
		AA4AF4EE2906938B00236B5C /* AppDelegate.swift in Sources */ = {isa = PBXBuildFile; fileRef = AA4AF4ED2906938B00236B5C /* AppDelegate.swift */; };
		AA4AF4F02906938B00236B5C /* SceneDelegate.swift in Sources */ = {isa = PBXBuildFile; fileRef = AA4AF4EF2906938B00236B5C /* SceneDelegate.swift */; };
		AA4AF4F52906938B00236B5C /* Main.storyboard in Resources */ = {isa = PBXBuildFile; fileRef = AA4AF4F32906938B00236B5C /* Main.storyboard */; };
		AA4AF4F72906938D00236B5C /* Assets.xcassets in Resources */ = {isa = PBXBuildFile; fileRef = AA4AF4F62906938D00236B5C /* Assets.xcassets */; };
		AA4AF4FA2906938D00236B5C /* LaunchScreen.storyboard in Resources */ = {isa = PBXBuildFile; fileRef = AA4AF4F82906938D00236B5C /* LaunchScreen.storyboard */; };
		AA4AF5082906A53900236B5C /* ListMoviesViewController.swift in Sources */ = {isa = PBXBuildFile; fileRef = AA4AF5072906A53900236B5C /* ListMoviesViewController.swift */; };
		AA4AF50B2906B4B100236B5C /* MovieTableViewCell.swift in Sources */ = {isa = PBXBuildFile; fileRef = AA4AF50A2906B4B100236B5C /* MovieTableViewCell.swift */; };
		AA4AF50D2906C66D00236B5C /* DetailMovieViewController.swift in Sources */ = {isa = PBXBuildFile; fileRef = AA4AF50C2906C66D00236B5C /* DetailMovieViewController.swift */; };
		AA4AF5102906D1FB00236B5C /* MovieList.swift in Sources */ = {isa = PBXBuildFile; fileRef = AA4AF50F2906D1FB00236B5C /* MovieList.swift */; };
		AA624DB8299675F40085639C /* BaseCoordinatorTests.swift in Sources */ = {isa = PBXBuildFile; fileRef = AA624DB7299675F40085639C /* BaseCoordinatorTests.swift */; };
		AA624DBA2996788A0085639C /* MockCoordinator.swift in Sources */ = {isa = PBXBuildFile; fileRef = AA624DB92996788A0085639C /* MockCoordinator.swift */; };
		AA624DBC2996832A0085639C /* ImageServiceTests.swift in Sources */ = {isa = PBXBuildFile; fileRef = AA624DBB2996832A0085639C /* ImageServiceTests.swift */; };
		AA624DC0299684300085639C /* MockProxy.swift in Sources */ = {isa = PBXBuildFile; fileRef = AA624DBF299684300085639C /* MockProxy.swift */; };
		AA624DC2299686630085639C /* MockImageService.swift in Sources */ = {isa = PBXBuildFile; fileRef = AA624DC1299686630085639C /* MockImageService.swift */; };
		AA75A9B62993CEA400C8FE79 /* KeychainKey.swift in Sources */ = {isa = PBXBuildFile; fileRef = AA75A9B52993CEA400C8FE79 /* KeychainKey.swift */; };
		AA75A9B92993CF2500C8FE79 /* CoreDataService.swift in Sources */ = {isa = PBXBuildFile; fileRef = AA75A9B82993CF2500C8FE79 /* CoreDataService.swift */; };
		AA75A9BC2993CF4700C8FE79 /* MovieMVVM.xcdatamodeld in Sources */ = {isa = PBXBuildFile; fileRef = AA75A9BA2993CF4700C8FE79 /* MovieMVVM.xcdatamodeld */; };
		AA75A9BE2993D1D100C8FE79 /* KeychainService.swift in Sources */ = {isa = PBXBuildFile; fileRef = AA75A9BD2993D1D100C8FE79 /* KeychainService.swift */; };
		AA75A9C02993D1E100C8FE79 /* KeychainServiceProtocol.swift in Sources */ = {isa = PBXBuildFile; fileRef = AA75A9BF2993D1E100C8FE79 /* KeychainServiceProtocol.swift */; };
		AA9051312992006B0071405D /* DetailMovieBuilder.swift in Sources */ = {isa = PBXBuildFile; fileRef = AA9051302992006B0071405D /* DetailMovieBuilder.swift */; };
		AA9051332992007C0071405D /* DetailMovieBuilderProtocol.swift in Sources */ = {isa = PBXBuildFile; fileRef = AA9051322992007C0071405D /* DetailMovieBuilderProtocol.swift */; };
		AA905135299200C50071405D /* ListMoviesBuilder.swift in Sources */ = {isa = PBXBuildFile; fileRef = AA905134299200C50071405D /* ListMoviesBuilder.swift */; };
		AA905137299200D60071405D /* ListMoviesBuilderProtocol.swift in Sources */ = {isa = PBXBuildFile; fileRef = AA905136299200D60071405D /* ListMoviesBuilderProtocol.swift */; };
		AA90513A299200FF0071405D /* BaseCoordinator.swift in Sources */ = {isa = PBXBuildFile; fileRef = AA905139299200FF0071405D /* BaseCoordinator.swift */; };
		AA90513C299201200071405D /* ApplicationCoordinator.swift in Sources */ = {isa = PBXBuildFile; fileRef = AA90513B299201200071405D /* ApplicationCoordinator.swift */; };
		AA90513E2992012F0071405D /* MovieCoordinator.swift in Sources */ = {isa = PBXBuildFile; fileRef = AA90513D2992012F0071405D /* MovieCoordinator.swift */; };
		AA9051412992015A0071405D /* CategoryMovies.swift in Sources */ = {isa = PBXBuildFile; fileRef = AA9051402992015A0071405D /* CategoryMovies.swift */; };
		AA905144299201A10071405D /* NetworkServiceProtocol.swift in Sources */ = {isa = PBXBuildFile; fileRef = AA905143299201A10071405D /* NetworkServiceProtocol.swift */; };
		AA905146299201B20071405D /* NetworkService.swift in Sources */ = {isa = PBXBuildFile; fileRef = AA905145299201B20071405D /* NetworkService.swift */; };
		AA905149299201D50071405D /* ListMoviesViewModel.swift in Sources */ = {isa = PBXBuildFile; fileRef = AA905148299201D50071405D /* ListMoviesViewModel.swift */; };
		AA90514B299201E20071405D /* ListMoviesViewModelProtocol.swift in Sources */ = {isa = PBXBuildFile; fileRef = AA90514A299201E20071405D /* ListMoviesViewModelProtocol.swift */; };
		AA90514D299201F10071405D /* DetailMovieViewModelProtocol.swift in Sources */ = {isa = PBXBuildFile; fileRef = AA90514C299201F10071405D /* DetailMovieViewModelProtocol.swift */; };
		AA90514F299201FE0071405D /* DetailMovieViewModel.swift in Sources */ = {isa = PBXBuildFile; fileRef = AA90514E299201FE0071405D /* DetailMovieViewModel.swift */; };
		AA905151299202170071405D /* Movie.swift in Sources */ = {isa = PBXBuildFile; fileRef = AA905150299202170071405D /* Movie.swift */; };
		AA9051532992022D0071405D /* SimilarMovie.swift in Sources */ = {isa = PBXBuildFile; fileRef = AA9051522992022D0071405D /* SimilarMovie.swift */; };
		AA9051572992072D0071405D /* Proxy.swift in Sources */ = {isa = PBXBuildFile; fileRef = AA9051562992072D0071405D /* Proxy.swift */; };
		AA905159299207900071405D /* ImageServiceProtocol.swift in Sources */ = {isa = PBXBuildFile; fileRef = AA905158299207900071405D /* ImageServiceProtocol.swift */; };
		AA90515B299207CD0071405D /* ImageAPIService.swift in Sources */ = {isa = PBXBuildFile; fileRef = AA90515A299207CD0071405D /* ImageAPIService.swift */; };
		AA90515D299208210071405D /* ImageService.swift in Sources */ = {isa = PBXBuildFile; fileRef = AA90515C299208210071405D /* ImageService.swift */; };
		AA90515F299209BD0071405D /* FileManagerService.swift in Sources */ = {isa = PBXBuildFile; fileRef = AA90515E299209BD0071405D /* FileManagerService.swift */; };
		AA905161299244920071405D /* ListMoviesState.swift in Sources */ = {isa = PBXBuildFile; fileRef = AA905160299244920071405D /* ListMoviesState.swift */; };
		AA90516429925A2F0071405D /* UIViewController+Extension.swift in Sources */ = {isa = PBXBuildFile; fileRef = AA90516329925A2F0071405D /* UIViewController+Extension.swift */; };
		AAAD6AAF290958CB009C9672 /* SimilarMovieCollectionViewCell.swift in Sources */ = {isa = PBXBuildFile; fileRef = AAAD6AAE290958CB009C9672 /* SimilarMovieCollectionViewCell.swift */; };
		AAAD6AB129096E40009C9672 /* SimilarMovies.swift in Sources */ = {isa = PBXBuildFile; fileRef = AAAD6AB029096E40009C9672 /* SimilarMovies.swift */; };
		AABCD6512995DC76003028C7 /* MovieMVVMUITests.swift in Sources */ = {isa = PBXBuildFile; fileRef = AABCD6502995DC76003028C7 /* MovieMVVMUITests.swift */; };
		AABCD6532995DC76003028C7 /* MovieMVVMUITestsLaunchTests.swift in Sources */ = {isa = PBXBuildFile; fileRef = AABCD6522995DC76003028C7 /* MovieMVVMUITestsLaunchTests.swift */; };
		AAE63D132996166300EEECF7 /* ListMoviesViewModelTests.swift in Sources */ = {isa = PBXBuildFile; fileRef = AAE63D122996166300EEECF7 /* ListMoviesViewModelTests.swift */; };
		AAE63D1729961A0600EEECF7 /* MockNetworkService.swift in Sources */ = {isa = PBXBuildFile; fileRef = AAE63D1629961A0600EEECF7 /* MockNetworkService.swift */; };
		AAE63D1B29961C0700EEECF7 /* MockKeychainService.swift in Sources */ = {isa = PBXBuildFile; fileRef = AAE63D1A29961C0700EEECF7 /* MockKeychainService.swift */; };
		AAE63D1D29961C7600EEECF7 /* MockCoreDataService.swift in Sources */ = {isa = PBXBuildFile; fileRef = AAE63D1C29961C7600EEECF7 /* MockCoreDataService.swift */; };
		AAE63D1F2996415B00EEECF7 /* DetailMovieViewModelTests.swift in Sources */ = {isa = PBXBuildFile; fileRef = AAE63D1E2996415B00EEECF7 /* DetailMovieViewModelTests.swift */; };
		AAE63D212996612E00EEECF7 /* DetailMovieBuilderTests.swift in Sources */ = {isa = PBXBuildFile; fileRef = AAE63D202996612E00EEECF7 /* DetailMovieBuilderTests.swift */; };
		AAE63D232996635600EEECF7 /* ListMoviesBuilderTests.swift in Sources */ = {isa = PBXBuildFile; fileRef = AAE63D222996635600EEECF7 /* ListMoviesBuilderTests.swift */; };
		AAE63D252996643B00EEECF7 /* KeychainServiceTests.swift in Sources */ = {isa = PBXBuildFile; fileRef = AAE63D242996643B00EEECF7 /* KeychainServiceTests.swift */; };
		AAE63D272996653D00EEECF7 /* NetworkServiceTests.swift in Sources */ = {isa = PBXBuildFile; fileRef = AAE63D262996653D00EEECF7 /* NetworkServiceTests.swift */; };
		AAFBFED12993A0DF003E6E51 /* Typealias.swift in Sources */ = {isa = PBXBuildFile; fileRef = AAFBFED02993A0DF003E6E51 /* Typealias.swift */; };
		AAFBFED32993A175003E6E51 /* ImageAPIServiceProtocol.swift in Sources */ = {isa = PBXBuildFile; fileRef = AAFBFED22993A175003E6E51 /* ImageAPIServiceProtocol.swift */; };
		AAFBFED52993A2F1003E6E51 /* FileManagerServiceProtocol.swift in Sources */ = {isa = PBXBuildFile; fileRef = AAFBFED42993A2F1003E6E51 /* FileManagerServiceProtocol.swift */; };
		E95625FDC4CE535FC89FB76E /* Pods_MovieMVVM.framework in Frameworks */ = {isa = PBXBuildFile; fileRef = F6AD3194C494A1C10C03856F /* Pods_MovieMVVM.framework */; };
/* End PBXBuildFile section */

/* Begin PBXContainerItemProxy section */
		AABCD6452995DC6E003028C7 /* PBXContainerItemProxy */ = {
			isa = PBXContainerItemProxy;
			containerPortal = AA4AF4E22906938B00236B5C /* Project object */;
			proxyType = 1;
			remoteGlobalIDString = AA4AF4E92906938B00236B5C;
			remoteInfo = MovieMVVM;
		};
		AABCD6542995DC76003028C7 /* PBXContainerItemProxy */ = {
			isa = PBXContainerItemProxy;
			containerPortal = AA4AF4E22906938B00236B5C /* Project object */;
			proxyType = 1;
			remoteGlobalIDString = AA4AF4E92906938B00236B5C;
			remoteInfo = MovieMVVM;
		};
/* End PBXContainerItemProxy section */

/* Begin PBXCopyFilesBuildPhase section */
		AA4AF501290697A600236B5C /* Copy Files */ = {
			isa = PBXCopyFilesBuildPhase;
			buildActionMask = 2147483647;
			dstPath = "";
			dstSubfolderSpec = 7;
			files = (
			);
			name = "Copy Files";
			runOnlyForDeploymentPostprocessing = 0;
		};
/* End PBXCopyFilesBuildPhase section */

/* Begin PBXFileReference section */
		AA3715ED299468A200B9E97D /* CoreDataServiceProtocol.swift */ = {isa = PBXFileReference; lastKnownFileType = sourcecode.swift; path = CoreDataServiceProtocol.swift; sourceTree = "<group>"; };
		AA435101299864C70082234B /* FileManagerServiceTests.swift */ = {isa = PBXFileReference; lastKnownFileType = sourcecode.swift; path = FileManagerServiceTests.swift; sourceTree = "<group>"; };
		AA4AF4EA2906938B00236B5C /* MovieMVVM.app */ = {isa = PBXFileReference; explicitFileType = wrapper.application; includeInIndex = 0; path = MovieMVVM.app; sourceTree = BUILT_PRODUCTS_DIR; };
		AA4AF4ED2906938B00236B5C /* AppDelegate.swift */ = {isa = PBXFileReference; lastKnownFileType = sourcecode.swift; path = AppDelegate.swift; sourceTree = "<group>"; };
		AA4AF4EF2906938B00236B5C /* SceneDelegate.swift */ = {isa = PBXFileReference; lastKnownFileType = sourcecode.swift; path = SceneDelegate.swift; sourceTree = "<group>"; };
		AA4AF4F42906938B00236B5C /* Base */ = {isa = PBXFileReference; lastKnownFileType = file.storyboard; name = Base; path = Base.lproj/Main.storyboard; sourceTree = "<group>"; };
		AA4AF4F62906938D00236B5C /* Assets.xcassets */ = {isa = PBXFileReference; lastKnownFileType = folder.assetcatalog; path = Assets.xcassets; sourceTree = "<group>"; };
		AA4AF4F92906938D00236B5C /* Base */ = {isa = PBXFileReference; lastKnownFileType = file.storyboard; name = Base; path = Base.lproj/LaunchScreen.storyboard; sourceTree = "<group>"; };
		AA4AF4FB2906938D00236B5C /* Info.plist */ = {isa = PBXFileReference; lastKnownFileType = text.plist.xml; path = Info.plist; sourceTree = "<group>"; };
		AA4AF5072906A53900236B5C /* ListMoviesViewController.swift */ = {isa = PBXFileReference; lastKnownFileType = sourcecode.swift; path = ListMoviesViewController.swift; sourceTree = "<group>"; };
		AA4AF50A2906B4B100236B5C /* MovieTableViewCell.swift */ = {isa = PBXFileReference; lastKnownFileType = sourcecode.swift; path = MovieTableViewCell.swift; sourceTree = "<group>"; };
		AA4AF50C2906C66D00236B5C /* DetailMovieViewController.swift */ = {isa = PBXFileReference; lastKnownFileType = sourcecode.swift; path = DetailMovieViewController.swift; sourceTree = "<group>"; };
		AA4AF50F2906D1FB00236B5C /* MovieList.swift */ = {isa = PBXFileReference; lastKnownFileType = sourcecode.swift; path = MovieList.swift; sourceTree = "<group>"; };
		AA624DB7299675F40085639C /* BaseCoordinatorTests.swift */ = {isa = PBXFileReference; lastKnownFileType = sourcecode.swift; path = BaseCoordinatorTests.swift; sourceTree = "<group>"; };
		AA624DB92996788A0085639C /* MockCoordinator.swift */ = {isa = PBXFileReference; lastKnownFileType = sourcecode.swift; path = MockCoordinator.swift; sourceTree = "<group>"; };
		AA624DBB2996832A0085639C /* ImageServiceTests.swift */ = {isa = PBXFileReference; lastKnownFileType = sourcecode.swift; path = ImageServiceTests.swift; sourceTree = "<group>"; };
		AA624DBF299684300085639C /* MockProxy.swift */ = {isa = PBXFileReference; lastKnownFileType = sourcecode.swift; path = MockProxy.swift; sourceTree = "<group>"; };
		AA624DC1299686630085639C /* MockImageService.swift */ = {isa = PBXFileReference; lastKnownFileType = sourcecode.swift; path = MockImageService.swift; sourceTree = "<group>"; };
		AA75A9B52993CEA400C8FE79 /* KeychainKey.swift */ = {isa = PBXFileReference; lastKnownFileType = sourcecode.swift; path = KeychainKey.swift; sourceTree = "<group>"; };
		AA75A9B82993CF2500C8FE79 /* CoreDataService.swift */ = {isa = PBXFileReference; lastKnownFileType = sourcecode.swift; path = CoreDataService.swift; sourceTree = "<group>"; };
		AA75A9BB2993CF4700C8FE79 /* MovieMVVM.xcdatamodel */ = {isa = PBXFileReference; lastKnownFileType = wrapper.xcdatamodel; path = MovieMVVM.xcdatamodel; sourceTree = "<group>"; };
		AA75A9BD2993D1D100C8FE79 /* KeychainService.swift */ = {isa = PBXFileReference; lastKnownFileType = sourcecode.swift; path = KeychainService.swift; sourceTree = "<group>"; };
		AA75A9BF2993D1E100C8FE79 /* KeychainServiceProtocol.swift */ = {isa = PBXFileReference; lastKnownFileType = sourcecode.swift; path = KeychainServiceProtocol.swift; sourceTree = "<group>"; };
		AA9051302992006B0071405D /* DetailMovieBuilder.swift */ = {isa = PBXFileReference; lastKnownFileType = sourcecode.swift; path = DetailMovieBuilder.swift; sourceTree = "<group>"; };
		AA9051322992007C0071405D /* DetailMovieBuilderProtocol.swift */ = {isa = PBXFileReference; lastKnownFileType = sourcecode.swift; path = DetailMovieBuilderProtocol.swift; sourceTree = "<group>"; };
		AA905134299200C50071405D /* ListMoviesBuilder.swift */ = {isa = PBXFileReference; lastKnownFileType = sourcecode.swift; path = ListMoviesBuilder.swift; sourceTree = "<group>"; };
		AA905136299200D60071405D /* ListMoviesBuilderProtocol.swift */ = {isa = PBXFileReference; lastKnownFileType = sourcecode.swift; path = ListMoviesBuilderProtocol.swift; sourceTree = "<group>"; };
		AA905139299200FF0071405D /* BaseCoordinator.swift */ = {isa = PBXFileReference; lastKnownFileType = sourcecode.swift; path = BaseCoordinator.swift; sourceTree = "<group>"; };
		AA90513B299201200071405D /* ApplicationCoordinator.swift */ = {isa = PBXFileReference; lastKnownFileType = sourcecode.swift; path = ApplicationCoordinator.swift; sourceTree = "<group>"; };
		AA90513D2992012F0071405D /* MovieCoordinator.swift */ = {isa = PBXFileReference; lastKnownFileType = sourcecode.swift; path = MovieCoordinator.swift; sourceTree = "<group>"; };
		AA9051402992015A0071405D /* CategoryMovies.swift */ = {isa = PBXFileReference; lastKnownFileType = sourcecode.swift; path = CategoryMovies.swift; sourceTree = "<group>"; };
		AA905143299201A10071405D /* NetworkServiceProtocol.swift */ = {isa = PBXFileReference; lastKnownFileType = sourcecode.swift; path = NetworkServiceProtocol.swift; sourceTree = "<group>"; };
		AA905145299201B20071405D /* NetworkService.swift */ = {isa = PBXFileReference; lastKnownFileType = sourcecode.swift; path = NetworkService.swift; sourceTree = "<group>"; };
		AA905148299201D50071405D /* ListMoviesViewModel.swift */ = {isa = PBXFileReference; lastKnownFileType = sourcecode.swift; path = ListMoviesViewModel.swift; sourceTree = "<group>"; };
		AA90514A299201E20071405D /* ListMoviesViewModelProtocol.swift */ = {isa = PBXFileReference; lastKnownFileType = sourcecode.swift; path = ListMoviesViewModelProtocol.swift; sourceTree = "<group>"; };
		AA90514C299201F10071405D /* DetailMovieViewModelProtocol.swift */ = {isa = PBXFileReference; lastKnownFileType = sourcecode.swift; path = DetailMovieViewModelProtocol.swift; sourceTree = "<group>"; };
		AA90514E299201FE0071405D /* DetailMovieViewModel.swift */ = {isa = PBXFileReference; lastKnownFileType = sourcecode.swift; path = DetailMovieViewModel.swift; sourceTree = "<group>"; };
		AA905150299202170071405D /* Movie.swift */ = {isa = PBXFileReference; lastKnownFileType = sourcecode.swift; path = Movie.swift; sourceTree = "<group>"; };
		AA9051522992022D0071405D /* SimilarMovie.swift */ = {isa = PBXFileReference; lastKnownFileType = sourcecode.swift; path = SimilarMovie.swift; sourceTree = "<group>"; };
		AA9051562992072D0071405D /* Proxy.swift */ = {isa = PBXFileReference; lastKnownFileType = sourcecode.swift; path = Proxy.swift; sourceTree = "<group>"; };
		AA905158299207900071405D /* ImageServiceProtocol.swift */ = {isa = PBXFileReference; lastKnownFileType = sourcecode.swift; path = ImageServiceProtocol.swift; sourceTree = "<group>"; };
		AA90515A299207CD0071405D /* ImageAPIService.swift */ = {isa = PBXFileReference; lastKnownFileType = sourcecode.swift; path = ImageAPIService.swift; sourceTree = "<group>"; };
		AA90515C299208210071405D /* ImageService.swift */ = {isa = PBXFileReference; lastKnownFileType = sourcecode.swift; path = ImageService.swift; sourceTree = "<group>"; };
		AA90515E299209BD0071405D /* FileManagerService.swift */ = {isa = PBXFileReference; lastKnownFileType = sourcecode.swift; path = FileManagerService.swift; sourceTree = "<group>"; };
		AA905160299244920071405D /* ListMoviesState.swift */ = {isa = PBXFileReference; lastKnownFileType = sourcecode.swift; path = ListMoviesState.swift; sourceTree = "<group>"; };
		AA90516329925A2F0071405D /* UIViewController+Extension.swift */ = {isa = PBXFileReference; lastKnownFileType = sourcecode.swift; path = "UIViewController+Extension.swift"; sourceTree = "<group>"; };
		AAAD6AAE290958CB009C9672 /* SimilarMovieCollectionViewCell.swift */ = {isa = PBXFileReference; lastKnownFileType = sourcecode.swift; path = SimilarMovieCollectionViewCell.swift; sourceTree = "<group>"; };
		AAAD6AB029096E40009C9672 /* SimilarMovies.swift */ = {isa = PBXFileReference; lastKnownFileType = sourcecode.swift; path = SimilarMovies.swift; sourceTree = "<group>"; };
		AABCD6412995DC6E003028C7 /* MovieMVVMTests.xctest */ = {isa = PBXFileReference; explicitFileType = wrapper.cfbundle; includeInIndex = 0; path = MovieMVVMTests.xctest; sourceTree = BUILT_PRODUCTS_DIR; };
		AABCD64E2995DC76003028C7 /* MovieMVVMUITests.xctest */ = {isa = PBXFileReference; explicitFileType = wrapper.cfbundle; includeInIndex = 0; path = MovieMVVMUITests.xctest; sourceTree = BUILT_PRODUCTS_DIR; };
		AABCD6502995DC76003028C7 /* MovieMVVMUITests.swift */ = {isa = PBXFileReference; lastKnownFileType = sourcecode.swift; path = MovieMVVMUITests.swift; sourceTree = "<group>"; };
		AABCD6522995DC76003028C7 /* MovieMVVMUITestsLaunchTests.swift */ = {isa = PBXFileReference; lastKnownFileType = sourcecode.swift; path = MovieMVVMUITestsLaunchTests.swift; sourceTree = "<group>"; };
		AAE63D122996166300EEECF7 /* ListMoviesViewModelTests.swift */ = {isa = PBXFileReference; lastKnownFileType = sourcecode.swift; path = ListMoviesViewModelTests.swift; sourceTree = "<group>"; };
		AAE63D14299618A700EEECF7 /* KeychainSwift.framework */ = {isa = PBXFileReference; explicitFileType = wrapper.framework; path = KeychainSwift.framework; sourceTree = BUILT_PRODUCTS_DIR; };
		AAE63D1629961A0600EEECF7 /* MockNetworkService.swift */ = {isa = PBXFileReference; lastKnownFileType = sourcecode.swift; path = MockNetworkService.swift; sourceTree = "<group>"; };
		AAE63D1A29961C0700EEECF7 /* MockKeychainService.swift */ = {isa = PBXFileReference; lastKnownFileType = sourcecode.swift; path = MockKeychainService.swift; sourceTree = "<group>"; };
		AAE63D1C29961C7600EEECF7 /* MockCoreDataService.swift */ = {isa = PBXFileReference; lastKnownFileType = sourcecode.swift; path = MockCoreDataService.swift; sourceTree = "<group>"; };
		AAE63D1E2996415B00EEECF7 /* DetailMovieViewModelTests.swift */ = {isa = PBXFileReference; lastKnownFileType = sourcecode.swift; path = DetailMovieViewModelTests.swift; sourceTree = "<group>"; };
		AAE63D202996612E00EEECF7 /* DetailMovieBuilderTests.swift */ = {isa = PBXFileReference; lastKnownFileType = sourcecode.swift; path = DetailMovieBuilderTests.swift; sourceTree = "<group>"; };
		AAE63D222996635600EEECF7 /* ListMoviesBuilderTests.swift */ = {isa = PBXFileReference; lastKnownFileType = sourcecode.swift; path = ListMoviesBuilderTests.swift; sourceTree = "<group>"; };
		AAE63D242996643B00EEECF7 /* KeychainServiceTests.swift */ = {isa = PBXFileReference; lastKnownFileType = sourcecode.swift; path = KeychainServiceTests.swift; sourceTree = "<group>"; };
		AAE63D262996653D00EEECF7 /* NetworkServiceTests.swift */ = {isa = PBXFileReference; lastKnownFileType = sourcecode.swift; path = NetworkServiceTests.swift; sourceTree = "<group>"; };
		AAFBFED02993A0DF003E6E51 /* Typealias.swift */ = {isa = PBXFileReference; lastKnownFileType = sourcecode.swift; path = Typealias.swift; sourceTree = "<group>"; };
		AAFBFED22993A175003E6E51 /* ImageAPIServiceProtocol.swift */ = {isa = PBXFileReference; lastKnownFileType = sourcecode.swift; path = ImageAPIServiceProtocol.swift; sourceTree = "<group>"; };
		AAFBFED42993A2F1003E6E51 /* FileManagerServiceProtocol.swift */ = {isa = PBXFileReference; lastKnownFileType = sourcecode.swift; path = FileManagerServiceProtocol.swift; sourceTree = "<group>"; };
		AB7186B193685F17E93CEE61 /* Pods-MovieMVVM.release.xcconfig */ = {isa = PBXFileReference; includeInIndex = 1; lastKnownFileType = text.xcconfig; name = "Pods-MovieMVVM.release.xcconfig"; path = "Target Support Files/Pods-MovieMVVM/Pods-MovieMVVM.release.xcconfig"; sourceTree = "<group>"; };
		BCA05D35C6C04E84D81ECC66 /* Pods-MovieMVVM.debug.xcconfig */ = {isa = PBXFileReference; includeInIndex = 1; lastKnownFileType = text.xcconfig; name = "Pods-MovieMVVM.debug.xcconfig"; path = "Target Support Files/Pods-MovieMVVM/Pods-MovieMVVM.debug.xcconfig"; sourceTree = "<group>"; };
		F6AD3194C494A1C10C03856F /* Pods_MovieMVVM.framework */ = {isa = PBXFileReference; explicitFileType = wrapper.framework; includeInIndex = 0; path = Pods_MovieMVVM.framework; sourceTree = BUILT_PRODUCTS_DIR; };
/* End PBXFileReference section */

/* Begin PBXFrameworksBuildPhase section */
		AA4AF4E72906938B00236B5C /* Frameworks */ = {
			isa = PBXFrameworksBuildPhase;
			buildActionMask = 2147483647;
			files = (
				E95625FDC4CE535FC89FB76E /* Pods_MovieMVVM.framework in Frameworks */,
			);
			runOnlyForDeploymentPostprocessing = 0;
		};
		AABCD63E2995DC6E003028C7 /* Frameworks */ = {
			isa = PBXFrameworksBuildPhase;
			buildActionMask = 2147483647;
			files = (
			);
			runOnlyForDeploymentPostprocessing = 0;
		};
		AABCD64B2995DC76003028C7 /* Frameworks */ = {
			isa = PBXFrameworksBuildPhase;
			buildActionMask = 2147483647;
			files = (
			);
			runOnlyForDeploymentPostprocessing = 0;
		};
/* End PBXFrameworksBuildPhase section */

/* Begin PBXGroup section */
		29524DCF8E425BECB178C269 /* Frameworks */ = {
			isa = PBXGroup;
			children = (
				AAE63D14299618A700EEECF7 /* KeychainSwift.framework */,
				F6AD3194C494A1C10C03856F /* Pods_MovieMVVM.framework */,
			);
			name = Frameworks;
			sourceTree = "<group>";
		};
		AA4AF4E12906938B00236B5C = {
			isa = PBXGroup;
			children = (
				AA4AF4EC2906938B00236B5C /* MovieMVVM */,
				AABCD6422995DC6E003028C7 /* MovieMVVMTests */,
				AABCD64F2995DC76003028C7 /* MovieMVVMUITests */,
				AA4AF4EB2906938B00236B5C /* Products */,
				E1CBA1F9CF9A5E1288842EDA /* Pods */,
				29524DCF8E425BECB178C269 /* Frameworks */,
			);
			sourceTree = "<group>";
		};
		AA4AF4EB2906938B00236B5C /* Products */ = {
			isa = PBXGroup;
			children = (
				AA4AF4EA2906938B00236B5C /* MovieMVVM.app */,
				AABCD6412995DC6E003028C7 /* MovieMVVMTests.xctest */,
				AABCD64E2995DC76003028C7 /* MovieMVVMUITests.xctest */,
			);
			name = Products;
			sourceTree = "<group>";
		};
		AA4AF4EC2906938B00236B5C /* MovieMVVM */ = {
			isa = PBXGroup;
			children = (
				AA75A9B72993CF0F00C8FE79 /* DataStorage */,
				AAFBFECF2993A0D2003E6E51 /* Typealias */,
				AA90516229925A1B0071405D /* Extensions */,
				AA9051552992070F0071405D /* Proxy */,
				AA90512F299200590071405D /* Builders */,
				AA905138299200ED0071405D /* Coordinators */,
				AA90513F2992013F0071405D /* Enums */,
				AA905142299201800071405D /* Services */,
				AA905147299201C60071405D /* ViewModels */,
				AA4AF50E2906D19B00236B5C /* Models */,
				AA4AF5092906B49300236B5C /* Views */,
				AA4AF4ED2906938B00236B5C /* AppDelegate.swift */,
				AA4AF4EF2906938B00236B5C /* SceneDelegate.swift */,
				AA4AF4F32906938B00236B5C /* Main.storyboard */,
				AA4AF4F62906938D00236B5C /* Assets.xcassets */,
				AA4AF4F82906938D00236B5C /* LaunchScreen.storyboard */,
				AA4AF4FB2906938D00236B5C /* Info.plist */,
			);
			path = MovieMVVM;
			sourceTree = "<group>";
		};
		AA4AF5092906B49300236B5C /* Views */ = {
			isa = PBXGroup;
			children = (
				AA4AF5072906A53900236B5C /* ListMoviesViewController.swift */,
				AA4AF50A2906B4B100236B5C /* MovieTableViewCell.swift */,
				AAAD6AAE290958CB009C9672 /* SimilarMovieCollectionViewCell.swift */,
				AA4AF50C2906C66D00236B5C /* DetailMovieViewController.swift */,
			);
			path = Views;
			sourceTree = "<group>";
		};
		AA4AF50E2906D19B00236B5C /* Models */ = {
			isa = PBXGroup;
			children = (
				AA4AF50F2906D1FB00236B5C /* MovieList.swift */,
				AA905150299202170071405D /* Movie.swift */,
				AAAD6AB029096E40009C9672 /* SimilarMovies.swift */,
				AA9051522992022D0071405D /* SimilarMovie.swift */,
			);
			path = Models;
			sourceTree = "<group>";
		};
		AA75A9B72993CF0F00C8FE79 /* DataStorage */ = {
			isa = PBXGroup;
			children = (
				AA75A9B82993CF2500C8FE79 /* CoreDataService.swift */,
				AA3715ED299468A200B9E97D /* CoreDataServiceProtocol.swift */,
				AA75A9BA2993CF4700C8FE79 /* MovieMVVM.xcdatamodeld */,
			);
			path = DataStorage;
			sourceTree = "<group>";
		};
		AA90512F299200590071405D /* Builders */ = {
			isa = PBXGroup;
			children = (
				AA9051302992006B0071405D /* DetailMovieBuilder.swift */,
				AA9051322992007C0071405D /* DetailMovieBuilderProtocol.swift */,
				AA905134299200C50071405D /* ListMoviesBuilder.swift */,
				AA905136299200D60071405D /* ListMoviesBuilderProtocol.swift */,
			);
			path = Builders;
			sourceTree = "<group>";
		};
		AA905138299200ED0071405D /* Coordinators */ = {
			isa = PBXGroup;
			children = (
				AA905139299200FF0071405D /* BaseCoordinator.swift */,
				AA90513B299201200071405D /* ApplicationCoordinator.swift */,
				AA90513D2992012F0071405D /* MovieCoordinator.swift */,
			);
			path = Coordinators;
			sourceTree = "<group>";
		};
		AA90513F2992013F0071405D /* Enums */ = {
			isa = PBXGroup;
			children = (
				AA9051402992015A0071405D /* CategoryMovies.swift */,
				AA905160299244920071405D /* ListMoviesState.swift */,
				AA75A9B52993CEA400C8FE79 /* KeychainKey.swift */,
			);
			path = Enums;
			sourceTree = "<group>";
		};
		AA905142299201800071405D /* Services */ = {
			isa = PBXGroup;
			children = (
				AA905143299201A10071405D /* NetworkServiceProtocol.swift */,
				AA905145299201B20071405D /* NetworkService.swift */,
				AA75A9BD2993D1D100C8FE79 /* KeychainService.swift */,
				AA75A9BF2993D1E100C8FE79 /* KeychainServiceProtocol.swift */,
			);
			path = Services;
			sourceTree = "<group>";
		};
		AA905147299201C60071405D /* ViewModels */ = {
			isa = PBXGroup;
			children = (
				AA905148299201D50071405D /* ListMoviesViewModel.swift */,
				AA90514A299201E20071405D /* ListMoviesViewModelProtocol.swift */,
				AA90514C299201F10071405D /* DetailMovieViewModelProtocol.swift */,
				AA90514E299201FE0071405D /* DetailMovieViewModel.swift */,
			);
			path = ViewModels;
			sourceTree = "<group>";
		};
		AA9051552992070F0071405D /* Proxy */ = {
			isa = PBXGroup;
			children = (
				AA905158299207900071405D /* ImageServiceProtocol.swift */,
				AA90515C299208210071405D /* ImageService.swift */,
				AA9051562992072D0071405D /* Proxy.swift */,
				AAFBFED22993A175003E6E51 /* ImageAPIServiceProtocol.swift */,
				AA90515A299207CD0071405D /* ImageAPIService.swift */,
				AAFBFED42993A2F1003E6E51 /* FileManagerServiceProtocol.swift */,
				AA90515E299209BD0071405D /* FileManagerService.swift */,
			);
			path = Proxy;
			sourceTree = "<group>";
		};
		AA90516229925A1B0071405D /* Extensions */ = {
			isa = PBXGroup;
			children = (
				AA90516329925A2F0071405D /* UIViewController+Extension.swift */,
			);
			path = Extensions;
			sourceTree = "<group>";
		};
		AABCD6422995DC6E003028C7 /* MovieMVVMTests */ = {
			isa = PBXGroup;
			children = (
				AAE63D11299615CF00EEECF7 /* Mock */,
				AAE63D122996166300EEECF7 /* ListMoviesViewModelTests.swift */,
				AAE63D1E2996415B00EEECF7 /* DetailMovieViewModelTests.swift */,
				AAE63D222996635600EEECF7 /* ListMoviesBuilderTests.swift */,
				AAE63D202996612E00EEECF7 /* DetailMovieBuilderTests.swift */,
				AAE63D242996643B00EEECF7 /* KeychainServiceTests.swift */,
				AAE63D262996653D00EEECF7 /* NetworkServiceTests.swift */,
				AA624DB7299675F40085639C /* BaseCoordinatorTests.swift */,
				AA624DBB2996832A0085639C /* ImageServiceTests.swift */,
				AA435101299864C70082234B /* FileManagerServiceTests.swift */,
			);
			path = MovieMVVMTests;
			sourceTree = "<group>";
		};
		AABCD64F2995DC76003028C7 /* MovieMVVMUITests */ = {
			isa = PBXGroup;
			children = (
				AABCD6502995DC76003028C7 /* MovieMVVMUITests.swift */,
				AABCD6522995DC76003028C7 /* MovieMVVMUITestsLaunchTests.swift */,
			);
			path = MovieMVVMUITests;
			sourceTree = "<group>";
		};
		AAE63D11299615CF00EEECF7 /* Mock */ = {
			isa = PBXGroup;
			children = (
				AAE63D1629961A0600EEECF7 /* MockNetworkService.swift */,
				AAE63D1A29961C0700EEECF7 /* MockKeychainService.swift */,
				AAE63D1C29961C7600EEECF7 /* MockCoreDataService.swift */,
				AA624DB92996788A0085639C /* MockCoordinator.swift */,
				AA624DBF299684300085639C /* MockProxy.swift */,
				AA624DC1299686630085639C /* MockImageService.swift */,
			);
			path = Mock;
			sourceTree = "<group>";
		};
		AAFBFECF2993A0D2003E6E51 /* Typealias */ = {
			isa = PBXGroup;
			children = (
				AAFBFED02993A0DF003E6E51 /* Typealias.swift */,
			);
			path = Typealias;
			sourceTree = "<group>";
		};
		E1CBA1F9CF9A5E1288842EDA /* Pods */ = {
			isa = PBXGroup;
			children = (
				BCA05D35C6C04E84D81ECC66 /* Pods-MovieMVVM.debug.xcconfig */,
				AB7186B193685F17E93CEE61 /* Pods-MovieMVVM.release.xcconfig */,
			);
			path = Pods;
			sourceTree = "<group>";
		};
/* End PBXGroup section */

/* Begin PBXNativeTarget section */
		AA4AF4E92906938B00236B5C /* MovieMVVM */ = {
			isa = PBXNativeTarget;
			buildConfigurationList = AA4AF4FE2906938D00236B5C /* Build configuration list for PBXNativeTarget "MovieMVVM" */;
			buildPhases = (
				7676A03028F5EE5CC0AAAFBE /* [CP] Check Pods Manifest.lock */,
				AA4AF4E62906938B00236B5C /* Sources */,
				AA4AF4E72906938B00236B5C /* Frameworks */,
				AA4AF4E82906938B00236B5C /* Resources */,
				AA4AF501290697A600236B5C /* Copy Files */,
				AA4AF502290697B500236B5C /* SwiftFormat */,
				AA4AF503290699CD00236B5C /* SwiftLint */,
				84BB91113FB7C9C5983481B3 /* [CP] Embed Pods Frameworks */,
			);
			buildRules = (
			);
			dependencies = (
			);
			name = MovieMVVM;
			productName = MovieFirst;
			productReference = AA4AF4EA2906938B00236B5C /* MovieMVVM.app */;
			productType = "com.apple.product-type.application";
		};
		AABCD6402995DC6E003028C7 /* MovieMVVMTests */ = {
			isa = PBXNativeTarget;
			buildConfigurationList = AABCD6492995DC6E003028C7 /* Build configuration list for PBXNativeTarget "MovieMVVMTests" */;
			buildPhases = (
				AABCD63D2995DC6E003028C7 /* Sources */,
				AABCD63E2995DC6E003028C7 /* Frameworks */,
				AABCD63F2995DC6E003028C7 /* Resources */,
			);
			buildRules = (
			);
			dependencies = (
				AABCD6462995DC6E003028C7 /* PBXTargetDependency */,
			);
			name = MovieMVVMTests;
			productName = MovieMVVMTests;
			productReference = AABCD6412995DC6E003028C7 /* MovieMVVMTests.xctest */;
			productType = "com.apple.product-type.bundle.unit-test";
		};
		AABCD64D2995DC76003028C7 /* MovieMVVMUITests */ = {
			isa = PBXNativeTarget;
			buildConfigurationList = AABCD6562995DC76003028C7 /* Build configuration list for PBXNativeTarget "MovieMVVMUITests" */;
			buildPhases = (
				AABCD64A2995DC76003028C7 /* Sources */,
				AABCD64B2995DC76003028C7 /* Frameworks */,
				AABCD64C2995DC76003028C7 /* Resources */,
			);
			buildRules = (
			);
			dependencies = (
				AABCD6552995DC76003028C7 /* PBXTargetDependency */,
			);
			name = MovieMVVMUITests;
			productName = MovieMVVMUITests;
			productReference = AABCD64E2995DC76003028C7 /* MovieMVVMUITests.xctest */;
			productType = "com.apple.product-type.bundle.ui-testing";
		};
/* End PBXNativeTarget section */

/* Begin PBXProject section */
		AA4AF4E22906938B00236B5C /* Project object */ = {
			isa = PBXProject;
			attributes = {
				BuildIndependentTargetsInParallel = 1;
				LastSwiftUpdateCheck = 1420;
				LastUpgradeCheck = 1340;
				TargetAttributes = {
					AA4AF4E92906938B00236B5C = {
						CreatedOnToolsVersion = 13.4.1;
					};
					AABCD6402995DC6E003028C7 = {
						CreatedOnToolsVersion = 14.2;
						TestTargetID = AA4AF4E92906938B00236B5C;
					};
					AABCD64D2995DC76003028C7 = {
						CreatedOnToolsVersion = 14.2;
						TestTargetID = AA4AF4E92906938B00236B5C;
					};
				};
			};
			buildConfigurationList = AA4AF4E52906938B00236B5C /* Build configuration list for PBXProject "MovieMVVM" */;
			compatibilityVersion = "Xcode 13.0";
			developmentRegion = en;
			hasScannedForEncodings = 0;
			knownRegions = (
				en,
				Base,
			);
			mainGroup = AA4AF4E12906938B00236B5C;
			productRefGroup = AA4AF4EB2906938B00236B5C /* Products */;
			projectDirPath = "";
			projectRoot = "";
			targets = (
				AA4AF4E92906938B00236B5C /* MovieMVVM */,
				AABCD6402995DC6E003028C7 /* MovieMVVMTests */,
				AABCD64D2995DC76003028C7 /* MovieMVVMUITests */,
			);
		};
/* End PBXProject section */

/* Begin PBXResourcesBuildPhase section */
		AA4AF4E82906938B00236B5C /* Resources */ = {
			isa = PBXResourcesBuildPhase;
			buildActionMask = 2147483647;
			files = (
				AA4AF4FA2906938D00236B5C /* LaunchScreen.storyboard in Resources */,
				AA4AF4F72906938D00236B5C /* Assets.xcassets in Resources */,
				AA4AF4F52906938B00236B5C /* Main.storyboard in Resources */,
			);
			runOnlyForDeploymentPostprocessing = 0;
		};
		AABCD63F2995DC6E003028C7 /* Resources */ = {
			isa = PBXResourcesBuildPhase;
			buildActionMask = 2147483647;
			files = (
			);
			runOnlyForDeploymentPostprocessing = 0;
		};
		AABCD64C2995DC76003028C7 /* Resources */ = {
			isa = PBXResourcesBuildPhase;
			buildActionMask = 2147483647;
			files = (
			);
			runOnlyForDeploymentPostprocessing = 0;
		};
/* End PBXResourcesBuildPhase section */

/* Begin PBXShellScriptBuildPhase section */
		7676A03028F5EE5CC0AAAFBE /* [CP] Check Pods Manifest.lock */ = {
			isa = PBXShellScriptBuildPhase;
			buildActionMask = 2147483647;
			files = (
			);
			inputFileListPaths = (
			);
			inputPaths = (
				"${PODS_PODFILE_DIR_PATH}/Podfile.lock",
				"${PODS_ROOT}/Manifest.lock",
			);
			name = "[CP] Check Pods Manifest.lock";
			outputFileListPaths = (
			);
			outputPaths = (
				"$(DERIVED_FILE_DIR)/Pods-MovieMVVM-checkManifestLockResult.txt",
			);
			runOnlyForDeploymentPostprocessing = 0;
			shellPath = /bin/sh;
			shellScript = "diff \"${PODS_PODFILE_DIR_PATH}/Podfile.lock\" \"${PODS_ROOT}/Manifest.lock\" > /dev/null\nif [ $? != 0 ] ; then\n    # print error to STDERR\n    echo \"error: The sandbox is not in sync with the Podfile.lock. Run 'pod install' or update your CocoaPods installation.\" >&2\n    exit 1\nfi\n# This output is used by Xcode 'outputs' to avoid re-running this script phase.\necho \"SUCCESS\" > \"${SCRIPT_OUTPUT_FILE_0}\"\n";
			showEnvVarsInLog = 0;
		};
		84BB91113FB7C9C5983481B3 /* [CP] Embed Pods Frameworks */ = {
			isa = PBXShellScriptBuildPhase;
			buildActionMask = 2147483647;
			files = (
			);
			inputFileListPaths = (
				"${PODS_ROOT}/Target Support Files/Pods-MovieMVVM/Pods-MovieMVVM-frameworks-${CONFIGURATION}-input-files.xcfilelist",
			);
			name = "[CP] Embed Pods Frameworks";
			outputFileListPaths = (
				"${PODS_ROOT}/Target Support Files/Pods-MovieMVVM/Pods-MovieMVVM-frameworks-${CONFIGURATION}-output-files.xcfilelist",
			);
			runOnlyForDeploymentPostprocessing = 0;
			shellPath = /bin/sh;
			shellScript = "\"${PODS_ROOT}/Target Support Files/Pods-MovieMVVM/Pods-MovieMVVM-frameworks.sh\"\n";
			showEnvVarsInLog = 0;
		};
		AA4AF502290697B500236B5C /* SwiftFormat */ = {
			isa = PBXShellScriptBuildPhase;
			buildActionMask = 2147483647;
			files = (
			);
			inputFileListPaths = (
			);
			inputPaths = (
			);
			name = SwiftFormat;
			outputFileListPaths = (
			);
			outputPaths = (
			);
			runOnlyForDeploymentPostprocessing = 0;
			shellPath = /bin/sh;
			shellScript = "export PATH=/opt/homebrew/bin:$PATH\nif which swiftformat >/dev/null; then\n  swiftformat .\nelse\n  echo \"warning: SwiftFormat not installed, download from https://github.com/nicklockwood/SwiftFormat\"\nfi\n";
		};
		AA4AF503290699CD00236B5C /* SwiftLint */ = {
			isa = PBXShellScriptBuildPhase;
			buildActionMask = 2147483647;
			files = (
			);
			inputFileListPaths = (
			);
			inputPaths = (
			);
			name = SwiftLint;
			outputFileListPaths = (
			);
			outputPaths = (
			);
			runOnlyForDeploymentPostprocessing = 0;
			shellPath = /bin/sh;
			shellScript = "export PATH=/opt/homebrew/bin:$PATH\nif which swiftlint > /dev/null; then\n  swiftlint\nelse\n  echo \"warning: SwiftLint not installed, download from https://github.com/realm/SwiftLint\"\nfi\n";
		};
/* End PBXShellScriptBuildPhase section */

/* Begin PBXSourcesBuildPhase section */
		AA4AF4E62906938B00236B5C /* Sources */ = {
			isa = PBXSourcesBuildPhase;
			buildActionMask = 2147483647;
			files = (
				AA9051412992015A0071405D /* CategoryMovies.swift in Sources */,
				AA905159299207900071405D /* ImageServiceProtocol.swift in Sources */,
				AA4AF5102906D1FB00236B5C /* MovieList.swift in Sources */,
				AA90514F299201FE0071405D /* DetailMovieViewModel.swift in Sources */,
				AA905151299202170071405D /* Movie.swift in Sources */,
				AA90514D299201F10071405D /* DetailMovieViewModelProtocol.swift in Sources */,
				AA4AF50D2906C66D00236B5C /* DetailMovieViewController.swift in Sources */,
				AA9051532992022D0071405D /* SimilarMovie.swift in Sources */,
				AA90513A299200FF0071405D /* BaseCoordinator.swift in Sources */,
				AA905146299201B20071405D /* NetworkService.swift in Sources */,
				AA905161299244920071405D /* ListMoviesState.swift in Sources */,
				AA90516429925A2F0071405D /* UIViewController+Extension.swift in Sources */,
				AA905144299201A10071405D /* NetworkServiceProtocol.swift in Sources */,
				AA90515F299209BD0071405D /* FileManagerService.swift in Sources */,
				AA9051332992007C0071405D /* DetailMovieBuilderProtocol.swift in Sources */,
				AA90514B299201E20071405D /* ListMoviesViewModelProtocol.swift in Sources */,
				AA75A9B92993CF2500C8FE79 /* CoreDataService.swift in Sources */,
				AA90515D299208210071405D /* ImageService.swift in Sources */,
				AA9051312992006B0071405D /* DetailMovieBuilder.swift in Sources */,
				AA90515B299207CD0071405D /* ImageAPIService.swift in Sources */,
				AAAD6AB129096E40009C9672 /* SimilarMovies.swift in Sources */,
				AA4AF4EE2906938B00236B5C /* AppDelegate.swift in Sources */,
				AA905137299200D60071405D /* ListMoviesBuilderProtocol.swift in Sources */,
				AAFBFED12993A0DF003E6E51 /* Typealias.swift in Sources */,
				AA75A9B62993CEA400C8FE79 /* KeychainKey.swift in Sources */,
				AA4AF4F02906938B00236B5C /* SceneDelegate.swift in Sources */,
				AA4AF50B2906B4B100236B5C /* MovieTableViewCell.swift in Sources */,
				AA75A9BC2993CF4700C8FE79 /* MovieMVVM.xcdatamodeld in Sources */,
				AA905149299201D50071405D /* ListMoviesViewModel.swift in Sources */,
				AA9051572992072D0071405D /* Proxy.swift in Sources */,
				AA3715EE299468A200B9E97D /* CoreDataServiceProtocol.swift in Sources */,
				AA4AF5082906A53900236B5C /* ListMoviesViewController.swift in Sources */,
				AAFBFED32993A175003E6E51 /* ImageAPIServiceProtocol.swift in Sources */,
				AA90513E2992012F0071405D /* MovieCoordinator.swift in Sources */,
				AA75A9BE2993D1D100C8FE79 /* KeychainService.swift in Sources */,
				AAAD6AAF290958CB009C9672 /* SimilarMovieCollectionViewCell.swift in Sources */,
				AA905135299200C50071405D /* ListMoviesBuilder.swift in Sources */,
				AA75A9C02993D1E100C8FE79 /* KeychainServiceProtocol.swift in Sources */,
				AAFBFED52993A2F1003E6E51 /* FileManagerServiceProtocol.swift in Sources */,
				AA90513C299201200071405D /* ApplicationCoordinator.swift in Sources */,
			);
			runOnlyForDeploymentPostprocessing = 0;
		};
		AABCD63D2995DC6E003028C7 /* Sources */ = {
			isa = PBXSourcesBuildPhase;
			buildActionMask = 2147483647;
			files = (
				AAE63D1729961A0600EEECF7 /* MockNetworkService.swift in Sources */,
				AA624DC2299686630085639C /* MockImageService.swift in Sources */,
				AAE63D272996653D00EEECF7 /* NetworkServiceTests.swift in Sources */,
				AAE63D1D29961C7600EEECF7 /* MockCoreDataService.swift in Sources */,
				AAE63D132996166300EEECF7 /* ListMoviesViewModelTests.swift in Sources */,
				AAE63D232996635600EEECF7 /* ListMoviesBuilderTests.swift in Sources */,
				AA435102299864C70082234B /* FileManagerServiceTests.swift in Sources */,
				AAE63D1B29961C0700EEECF7 /* MockKeychainService.swift in Sources */,
				AAE63D212996612E00EEECF7 /* DetailMovieBuilderTests.swift in Sources */,
				AAE63D252996643B00EEECF7 /* KeychainServiceTests.swift in Sources */,
				AA624DBA2996788A0085639C /* MockCoordinator.swift in Sources */,
				AA624DC0299684300085639C /* MockProxy.swift in Sources */,
				AA624DBC2996832A0085639C /* ImageServiceTests.swift in Sources */,
				AAE63D1F2996415B00EEECF7 /* DetailMovieViewModelTests.swift in Sources */,
				AA624DB8299675F40085639C /* BaseCoordinatorTests.swift in Sources */,
			);
			runOnlyForDeploymentPostprocessing = 0;
		};
		AABCD64A2995DC76003028C7 /* Sources */ = {
			isa = PBXSourcesBuildPhase;
			buildActionMask = 2147483647;
			files = (
				AABCD6512995DC76003028C7 /* MovieMVVMUITests.swift in Sources */,
				AABCD6532995DC76003028C7 /* MovieMVVMUITestsLaunchTests.swift in Sources */,
			);
			runOnlyForDeploymentPostprocessing = 0;
		};
/* End PBXSourcesBuildPhase section */

/* Begin PBXTargetDependency section */
		AABCD6462995DC6E003028C7 /* PBXTargetDependency */ = {
			isa = PBXTargetDependency;
			target = AA4AF4E92906938B00236B5C /* MovieMVVM */;
			targetProxy = AABCD6452995DC6E003028C7 /* PBXContainerItemProxy */;
		};
		AABCD6552995DC76003028C7 /* PBXTargetDependency */ = {
			isa = PBXTargetDependency;
			target = AA4AF4E92906938B00236B5C /* MovieMVVM */;
			targetProxy = AABCD6542995DC76003028C7 /* PBXContainerItemProxy */;
		};
/* End PBXTargetDependency section */

/* Begin PBXVariantGroup section */
		AA4AF4F32906938B00236B5C /* Main.storyboard */ = {
			isa = PBXVariantGroup;
			children = (
				AA4AF4F42906938B00236B5C /* Base */,
			);
			name = Main.storyboard;
			sourceTree = "<group>";
		};
		AA4AF4F82906938D00236B5C /* LaunchScreen.storyboard */ = {
			isa = PBXVariantGroup;
			children = (
				AA4AF4F92906938D00236B5C /* Base */,
			);
			name = LaunchScreen.storyboard;
			sourceTree = "<group>";
		};
/* End PBXVariantGroup section */

/* Begin XCBuildConfiguration section */
		AA4AF4FC2906938D00236B5C /* Debug */ = {
			isa = XCBuildConfiguration;
			buildSettings = {
				ALWAYS_SEARCH_USER_PATHS = NO;
				CLANG_ANALYZER_NONNULL = YES;
				CLANG_ANALYZER_NUMBER_OBJECT_CONVERSION = YES_AGGRESSIVE;
				CLANG_CXX_LANGUAGE_STANDARD = "gnu++17";
				CLANG_ENABLE_MODULES = YES;
				CLANG_ENABLE_OBJC_ARC = YES;
				CLANG_ENABLE_OBJC_WEAK = YES;
				CLANG_WARN_BLOCK_CAPTURE_AUTORELEASING = YES;
				CLANG_WARN_BOOL_CONVERSION = YES;
				CLANG_WARN_COMMA = YES;
				CLANG_WARN_CONSTANT_CONVERSION = YES;
				CLANG_WARN_DEPRECATED_OBJC_IMPLEMENTATIONS = YES;
				CLANG_WARN_DIRECT_OBJC_ISA_USAGE = YES_ERROR;
				CLANG_WARN_DOCUMENTATION_COMMENTS = YES;
				CLANG_WARN_EMPTY_BODY = YES;
				CLANG_WARN_ENUM_CONVERSION = YES;
				CLANG_WARN_INFINITE_RECURSION = YES;
				CLANG_WARN_INT_CONVERSION = YES;
				CLANG_WARN_NON_LITERAL_NULL_CONVERSION = YES;
				CLANG_WARN_OBJC_IMPLICIT_RETAIN_SELF = YES;
				CLANG_WARN_OBJC_LITERAL_CONVERSION = YES;
				CLANG_WARN_OBJC_ROOT_CLASS = YES_ERROR;
				CLANG_WARN_QUOTED_INCLUDE_IN_FRAMEWORK_HEADER = YES;
				CLANG_WARN_RANGE_LOOP_ANALYSIS = YES;
				CLANG_WARN_STRICT_PROTOTYPES = YES;
				CLANG_WARN_SUSPICIOUS_MOVE = YES;
				CLANG_WARN_UNGUARDED_AVAILABILITY = YES_AGGRESSIVE;
				CLANG_WARN_UNREACHABLE_CODE = YES;
				CLANG_WARN__DUPLICATE_METHOD_MATCH = YES;
				COPY_PHASE_STRIP = NO;
				DEBUG_INFORMATION_FORMAT = dwarf;
				ENABLE_STRICT_OBJC_MSGSEND = YES;
				ENABLE_TESTABILITY = YES;
				GCC_C_LANGUAGE_STANDARD = gnu11;
				GCC_DYNAMIC_NO_PIC = NO;
				GCC_NO_COMMON_BLOCKS = YES;
				GCC_OPTIMIZATION_LEVEL = 0;
				GCC_PREPROCESSOR_DEFINITIONS = (
					"DEBUG=1",
					"$(inherited)",
				);
				GCC_WARN_64_TO_32_BIT_CONVERSION = YES;
				GCC_WARN_ABOUT_RETURN_TYPE = YES_ERROR;
				GCC_WARN_UNDECLARED_SELECTOR = YES;
				GCC_WARN_UNINITIALIZED_AUTOS = YES_AGGRESSIVE;
				GCC_WARN_UNUSED_FUNCTION = YES;
				GCC_WARN_UNUSED_VARIABLE = YES;
				IPHONEOS_DEPLOYMENT_TARGET = 16.0;
				MTL_ENABLE_DEBUG_INFO = INCLUDE_SOURCE;
				MTL_FAST_MATH = YES;
				ONLY_ACTIVE_ARCH = YES;
				SDKROOT = iphoneos;
				SWIFT_ACTIVE_COMPILATION_CONDITIONS = DEBUG;
				SWIFT_OPTIMIZATION_LEVEL = "-Onone";
			};
			name = Debug;
		};
		AA4AF4FD2906938D00236B5C /* Release */ = {
			isa = XCBuildConfiguration;
			buildSettings = {
				ALWAYS_SEARCH_USER_PATHS = NO;
				CLANG_ANALYZER_NONNULL = YES;
				CLANG_ANALYZER_NUMBER_OBJECT_CONVERSION = YES_AGGRESSIVE;
				CLANG_CXX_LANGUAGE_STANDARD = "gnu++17";
				CLANG_ENABLE_MODULES = YES;
				CLANG_ENABLE_OBJC_ARC = YES;
				CLANG_ENABLE_OBJC_WEAK = YES;
				CLANG_WARN_BLOCK_CAPTURE_AUTORELEASING = YES;
				CLANG_WARN_BOOL_CONVERSION = YES;
				CLANG_WARN_COMMA = YES;
				CLANG_WARN_CONSTANT_CONVERSION = YES;
				CLANG_WARN_DEPRECATED_OBJC_IMPLEMENTATIONS = YES;
				CLANG_WARN_DIRECT_OBJC_ISA_USAGE = YES_ERROR;
				CLANG_WARN_DOCUMENTATION_COMMENTS = YES;
				CLANG_WARN_EMPTY_BODY = YES;
				CLANG_WARN_ENUM_CONVERSION = YES;
				CLANG_WARN_INFINITE_RECURSION = YES;
				CLANG_WARN_INT_CONVERSION = YES;
				CLANG_WARN_NON_LITERAL_NULL_CONVERSION = YES;
				CLANG_WARN_OBJC_IMPLICIT_RETAIN_SELF = YES;
				CLANG_WARN_OBJC_LITERAL_CONVERSION = YES;
				CLANG_WARN_OBJC_ROOT_CLASS = YES_ERROR;
				CLANG_WARN_QUOTED_INCLUDE_IN_FRAMEWORK_HEADER = YES;
				CLANG_WARN_RANGE_LOOP_ANALYSIS = YES;
				CLANG_WARN_STRICT_PROTOTYPES = YES;
				CLANG_WARN_SUSPICIOUS_MOVE = YES;
				CLANG_WARN_UNGUARDED_AVAILABILITY = YES_AGGRESSIVE;
				CLANG_WARN_UNREACHABLE_CODE = YES;
				CLANG_WARN__DUPLICATE_METHOD_MATCH = YES;
				COPY_PHASE_STRIP = NO;
				DEBUG_INFORMATION_FORMAT = "dwarf-with-dsym";
				ENABLE_NS_ASSERTIONS = NO;
				ENABLE_STRICT_OBJC_MSGSEND = YES;
				GCC_C_LANGUAGE_STANDARD = gnu11;
				GCC_NO_COMMON_BLOCKS = YES;
				GCC_WARN_64_TO_32_BIT_CONVERSION = YES;
				GCC_WARN_ABOUT_RETURN_TYPE = YES_ERROR;
				GCC_WARN_UNDECLARED_SELECTOR = YES;
				GCC_WARN_UNINITIALIZED_AUTOS = YES_AGGRESSIVE;
				GCC_WARN_UNUSED_FUNCTION = YES;
				GCC_WARN_UNUSED_VARIABLE = YES;
				IPHONEOS_DEPLOYMENT_TARGET = 16.0;
				MTL_ENABLE_DEBUG_INFO = NO;
				MTL_FAST_MATH = YES;
				SDKROOT = iphoneos;
				SWIFT_COMPILATION_MODE = wholemodule;
				SWIFT_OPTIMIZATION_LEVEL = "-O";
				VALIDATE_PRODUCT = YES;
			};
			name = Release;
		};
		AA4AF4FF2906938D00236B5C /* Debug */ = {
			isa = XCBuildConfiguration;
			baseConfigurationReference = BCA05D35C6C04E84D81ECC66 /* Pods-MovieMVVM.debug.xcconfig */;
			buildSettings = {
				ASSETCATALOG_COMPILER_APPICON_NAME = AppIcon;
				ASSETCATALOG_COMPILER_GLOBAL_ACCENT_COLOR_NAME = AccentColor;
				CODE_SIGN_STYLE = Automatic;
				CURRENT_PROJECT_VERSION = 1;
				DEVELOPMENT_TEAM = VJ39792262;
				GENERATE_INFOPLIST_FILE = YES;
				INFOPLIST_FILE = MovieMVVM/Info.plist;
				INFOPLIST_KEY_UIApplicationSupportsIndirectInputEvents = YES;
				INFOPLIST_KEY_UILaunchStoryboardName = LaunchScreen;
				INFOPLIST_KEY_UIMainStoryboardFile = Main;
				INFOPLIST_KEY_UISupportedInterfaceOrientations_iPad = "UIInterfaceOrientationPortrait UIInterfaceOrientationPortraitUpsideDown UIInterfaceOrientationLandscapeLeft UIInterfaceOrientationLandscapeRight";
				INFOPLIST_KEY_UISupportedInterfaceOrientations_iPhone = "UIInterfaceOrientationPortrait UIInterfaceOrientationLandscapeLeft UIInterfaceOrientationLandscapeRight";
				LD_RUNPATH_SEARCH_PATHS = (
					"$(inherited)",
					"@executable_path/Frameworks",
				);
				MARKETING_VERSION = 1.0;
				PRODUCT_BUNDLE_IDENTIFIER = solovev93aa.MovieMVVM;
				PRODUCT_NAME = "$(TARGET_NAME)";
				SWIFT_EMIT_LOC_STRINGS = YES;
				SWIFT_VERSION = 5.0;
				TARGETED_DEVICE_FAMILY = "1,2";
			};
			name = Debug;
		};
		AA4AF5002906938D00236B5C /* Release */ = {
			isa = XCBuildConfiguration;
			baseConfigurationReference = AB7186B193685F17E93CEE61 /* Pods-MovieMVVM.release.xcconfig */;
			buildSettings = {
				ASSETCATALOG_COMPILER_APPICON_NAME = AppIcon;
				ASSETCATALOG_COMPILER_GLOBAL_ACCENT_COLOR_NAME = AccentColor;
				CODE_SIGN_STYLE = Automatic;
				CURRENT_PROJECT_VERSION = 1;
				DEVELOPMENT_TEAM = VJ39792262;
				GENERATE_INFOPLIST_FILE = YES;
				INFOPLIST_FILE = MovieMVVM/Info.plist;
				INFOPLIST_KEY_UIApplicationSupportsIndirectInputEvents = YES;
				INFOPLIST_KEY_UILaunchStoryboardName = LaunchScreen;
				INFOPLIST_KEY_UIMainStoryboardFile = Main;
				INFOPLIST_KEY_UISupportedInterfaceOrientations_iPad = "UIInterfaceOrientationPortrait UIInterfaceOrientationPortraitUpsideDown UIInterfaceOrientationLandscapeLeft UIInterfaceOrientationLandscapeRight";
				INFOPLIST_KEY_UISupportedInterfaceOrientations_iPhone = "UIInterfaceOrientationPortrait UIInterfaceOrientationLandscapeLeft UIInterfaceOrientationLandscapeRight";
				LD_RUNPATH_SEARCH_PATHS = (
					"$(inherited)",
					"@executable_path/Frameworks",
				);
				MARKETING_VERSION = 1.0;
				PRODUCT_BUNDLE_IDENTIFIER = solovev93aa.MovieMVVM;
				PRODUCT_NAME = "$(TARGET_NAME)";
				SWIFT_EMIT_LOC_STRINGS = YES;
				SWIFT_VERSION = 5.0;
				TARGETED_DEVICE_FAMILY = "1,2";
			};
			name = Release;
		};
		AABCD6472995DC6E003028C7 /* Debug */ = {
			isa = XCBuildConfiguration;
			buildSettings = {
				BUNDLE_LOADER = "$(TEST_HOST)";
				CLANG_CXX_LANGUAGE_STANDARD = "gnu++20";
				CODE_SIGN_STYLE = Automatic;
				CURRENT_PROJECT_VERSION = 1;
				DEVELOPMENT_TEAM = VJ39792262;
				GENERATE_INFOPLIST_FILE = YES;
				IPHONEOS_DEPLOYMENT_TARGET = 16.2;
				MACOSX_DEPLOYMENT_TARGET = 13.1;
				MARKETING_VERSION = 1.0;
				PRODUCT_BUNDLE_IDENTIFIER = solovev93aa.MovieMVVMTests;
				PRODUCT_NAME = "$(TARGET_NAME)";
				SDKROOT = auto;
				SUPPORTED_PLATFORMS = "iphoneos iphonesimulator macosx";
				SWIFT_EMIT_LOC_STRINGS = NO;
				SWIFT_VERSION = 5.0;
				TARGETED_DEVICE_FAMILY = "1,2";
				TEST_HOST = "$(BUILT_PRODUCTS_DIR)/MovieMVVM.app/$(BUNDLE_EXECUTABLE_FOLDER_PATH)/MovieMVVM";
			};
			name = Debug;
		};
		AABCD6482995DC6E003028C7 /* Release */ = {
			isa = XCBuildConfiguration;
			buildSettings = {
				BUNDLE_LOADER = "$(TEST_HOST)";
				CLANG_CXX_LANGUAGE_STANDARD = "gnu++20";
				CODE_SIGN_STYLE = Automatic;
				CURRENT_PROJECT_VERSION = 1;
				DEVELOPMENT_TEAM = VJ39792262;
				GENERATE_INFOPLIST_FILE = YES;
				IPHONEOS_DEPLOYMENT_TARGET = 16.2;
				MACOSX_DEPLOYMENT_TARGET = 13.1;
				MARKETING_VERSION = 1.0;
				PRODUCT_BUNDLE_IDENTIFIER = solovev93aa.MovieMVVMTests;
				PRODUCT_NAME = "$(TARGET_NAME)";
				SDKROOT = auto;
				SUPPORTED_PLATFORMS = "iphoneos iphonesimulator macosx";
				SWIFT_EMIT_LOC_STRINGS = NO;
				SWIFT_VERSION = 5.0;
				TARGETED_DEVICE_FAMILY = "1,2";
				TEST_HOST = "$(BUILT_PRODUCTS_DIR)/MovieMVVM.app/$(BUNDLE_EXECUTABLE_FOLDER_PATH)/MovieMVVM";
			};
			name = Release;
		};
		AABCD6572995DC76003028C7 /* Debug */ = {
			isa = XCBuildConfiguration;
			buildSettings = {
				CLANG_CXX_LANGUAGE_STANDARD = "gnu++20";
				CODE_SIGN_STYLE = Automatic;
				CURRENT_PROJECT_VERSION = 1;
				DEVELOPMENT_TEAM = VJ39792262;
				GENERATE_INFOPLIST_FILE = YES;
				IPHONEOS_DEPLOYMENT_TARGET = 16.2;
				MARKETING_VERSION = 1.0;
				PRODUCT_BUNDLE_IDENTIFIER = solovev93aa.MovieMVVMUITests;
				PRODUCT_NAME = "$(TARGET_NAME)";
				SWIFT_EMIT_LOC_STRINGS = NO;
				SWIFT_VERSION = 5.0;
				TARGETED_DEVICE_FAMILY = "1,2";
				TEST_TARGET_NAME = MovieMVVM;
			};
			name = Debug;
		};
		AABCD6582995DC76003028C7 /* Release */ = {
			isa = XCBuildConfiguration;
			buildSettings = {
				CLANG_CXX_LANGUAGE_STANDARD = "gnu++20";
				CODE_SIGN_STYLE = Automatic;
				CURRENT_PROJECT_VERSION = 1;
				DEVELOPMENT_TEAM = VJ39792262;
				GENERATE_INFOPLIST_FILE = YES;
				IPHONEOS_DEPLOYMENT_TARGET = 16.2;
				MARKETING_VERSION = 1.0;
				PRODUCT_BUNDLE_IDENTIFIER = solovev93aa.MovieMVVMUITests;
				PRODUCT_NAME = "$(TARGET_NAME)";
				SWIFT_EMIT_LOC_STRINGS = NO;
				SWIFT_VERSION = 5.0;
				TARGETED_DEVICE_FAMILY = "1,2";
				TEST_TARGET_NAME = MovieMVVM;
			};
			name = Release;
		};
/* End XCBuildConfiguration section */

/* Begin XCConfigurationList section */
		AA4AF4E52906938B00236B5C /* Build configuration list for PBXProject "MovieMVVM" */ = {
			isa = XCConfigurationList;
			buildConfigurations = (
				AA4AF4FC2906938D00236B5C /* Debug */,
				AA4AF4FD2906938D00236B5C /* Release */,
			);
			defaultConfigurationIsVisible = 0;
			defaultConfigurationName = Release;
		};
		AA4AF4FE2906938D00236B5C /* Build configuration list for PBXNativeTarget "MovieMVVM" */ = {
			isa = XCConfigurationList;
			buildConfigurations = (
				AA4AF4FF2906938D00236B5C /* Debug */,
				AA4AF5002906938D00236B5C /* Release */,
			);
			defaultConfigurationIsVisible = 0;
			defaultConfigurationName = Release;
		};
		AABCD6492995DC6E003028C7 /* Build configuration list for PBXNativeTarget "MovieMVVMTests" */ = {
			isa = XCConfigurationList;
			buildConfigurations = (
				AABCD6472995DC6E003028C7 /* Debug */,
				AABCD6482995DC6E003028C7 /* Release */,
			);
			defaultConfigurationIsVisible = 0;
			defaultConfigurationName = Release;
		};
		AABCD6562995DC76003028C7 /* Build configuration list for PBXNativeTarget "MovieMVVMUITests" */ = {
			isa = XCConfigurationList;
			buildConfigurations = (
				AABCD6572995DC76003028C7 /* Debug */,
				AABCD6582995DC76003028C7 /* Release */,
			);
			defaultConfigurationIsVisible = 0;
			defaultConfigurationName = Release;
		};
/* End XCConfigurationList section */

/* Begin XCVersionGroup section */
		AA75A9BA2993CF4700C8FE79 /* MovieMVVM.xcdatamodeld */ = {
			isa = XCVersionGroup;
			children = (
				AA75A9BB2993CF4700C8FE79 /* MovieMVVM.xcdatamodel */,
			);
			currentVersion = AA75A9BB2993CF4700C8FE79 /* MovieMVVM.xcdatamodel */;
			path = MovieMVVM.xcdatamodeld;
			sourceTree = "<group>";
			versionGroupType = wrapper.xcdatamodel;
		};
/* End XCVersionGroup section */
	};
	rootObject = AA4AF4E22906938B00236B5C /* Project object */;
}
