// !$*UTF8*$!
{
	archiveVersion = 1;
	classes = {
	};
	objectVersion = 55;
	objects = {

/* Begin PBXBuildFile section */
		AA4AF4EE2906938B00236B5C /* AppDelegate.swift in Sources */ = {isa = PBXBuildFile; fileRef = AA4AF4ED2906938B00236B5C /* AppDelegate.swift */; };
		AA4AF4F02906938B00236B5C /* SceneDelegate.swift in Sources */ = {isa = PBXBuildFile; fileRef = AA4AF4EF2906938B00236B5C /* SceneDelegate.swift */; };
		AA4AF4F52906938B00236B5C /* Main.storyboard in Resources */ = {isa = PBXBuildFile; fileRef = AA4AF4F32906938B00236B5C /* Main.storyboard */; };
		AA4AF4F72906938D00236B5C /* Assets.xcassets in Resources */ = {isa = PBXBuildFile; fileRef = AA4AF4F62906938D00236B5C /* Assets.xcassets */; };
		AA4AF4FA2906938D00236B5C /* LaunchScreen.storyboard in Resources */ = {isa = PBXBuildFile; fileRef = AA4AF4F82906938D00236B5C /* LaunchScreen.storyboard */; };
		AA4AF5082906A53900236B5C /* ListMoviesViewController.swift in Sources */ = {isa = PBXBuildFile; fileRef = AA4AF5072906A53900236B5C /* ListMoviesViewController.swift */; };
		AA4AF50B2906B4B100236B5C /* MovieTableViewCell.swift in Sources */ = {isa = PBXBuildFile; fileRef = AA4AF50A2906B4B100236B5C /* MovieTableViewCell.swift */; };
		AA4AF50D2906C66D00236B5C /* DetailMovieViewController.swift in Sources */ = {isa = PBXBuildFile; fileRef = AA4AF50C2906C66D00236B5C /* DetailMovieViewController.swift */; };
		AA4AF5102906D1FB00236B5C /* MovieList.swift in Sources */ = {isa = PBXBuildFile; fileRef = AA4AF50F2906D1FB00236B5C /* MovieList.swift */; };
		AA9051312992006B0071405D /* DetailMovieBuilder.swift in Sources */ = {isa = PBXBuildFile; fileRef = AA9051302992006B0071405D /* DetailMovieBuilder.swift */; };
		AA9051332992007C0071405D /* DetailMovieBuilderProtocol.swift in Sources */ = {isa = PBXBuildFile; fileRef = AA9051322992007C0071405D /* DetailMovieBuilderProtocol.swift */; };
		AA905135299200C50071405D /* ListMoviesBuilder.swift in Sources */ = {isa = PBXBuildFile; fileRef = AA905134299200C50071405D /* ListMoviesBuilder.swift */; };
		AA905137299200D60071405D /* ListMoviesBuilderProtocol.swift in Sources */ = {isa = PBXBuildFile; fileRef = AA905136299200D60071405D /* ListMoviesBuilderProtocol.swift */; };
		AA90513A299200FF0071405D /* BaseCoordinator.swift in Sources */ = {isa = PBXBuildFile; fileRef = AA905139299200FF0071405D /* BaseCoordinator.swift */; };
		AA90513C299201200071405D /* ApplicationCoordinator.swift in Sources */ = {isa = PBXBuildFile; fileRef = AA90513B299201200071405D /* ApplicationCoordinator.swift */; };
		AA90513E2992012F0071405D /* MovieCoordinator.swift in Sources */ = {isa = PBXBuildFile; fileRef = AA90513D2992012F0071405D /* MovieCoordinator.swift */; };
		AA9051412992015A0071405D /* CategoryMovies.swift in Sources */ = {isa = PBXBuildFile; fileRef = AA9051402992015A0071405D /* CategoryMovies.swift */; };
		AA905144299201A10071405D /* NetworkServiceProtocol.swift in Sources */ = {isa = PBXBuildFile; fileRef = AA905143299201A10071405D /* NetworkServiceProtocol.swift */; };
		AA905146299201B20071405D /* NetworkService.swift in Sources */ = {isa = PBXBuildFile; fileRef = AA905145299201B20071405D /* NetworkService.swift */; };
		AA905149299201D50071405D /* ListMoviesViewModel.swift in Sources */ = {isa = PBXBuildFile; fileRef = AA905148299201D50071405D /* ListMoviesViewModel.swift */; };
		AA90514B299201E20071405D /* ListMoviesViewModelProtocol.swift in Sources */ = {isa = PBXBuildFile; fileRef = AA90514A299201E20071405D /* ListMoviesViewModelProtocol.swift */; };
		AA90514D299201F10071405D /* DetailMovieViewModelProtocol.swift in Sources */ = {isa = PBXBuildFile; fileRef = AA90514C299201F10071405D /* DetailMovieViewModelProtocol.swift */; };
		AA90514F299201FE0071405D /* DetailMovieViewModel.swift in Sources */ = {isa = PBXBuildFile; fileRef = AA90514E299201FE0071405D /* DetailMovieViewModel.swift */; };
		AA905151299202170071405D /* Movie.swift in Sources */ = {isa = PBXBuildFile; fileRef = AA905150299202170071405D /* Movie.swift */; };
		AA9051532992022D0071405D /* SimilarMovie.swift in Sources */ = {isa = PBXBuildFile; fileRef = AA9051522992022D0071405D /* SimilarMovie.swift */; };
		AA9051572992072D0071405D /* Proxy.swift in Sources */ = {isa = PBXBuildFile; fileRef = AA9051562992072D0071405D /* Proxy.swift */; };
		AA905159299207900071405D /* ImageServiceProtocol.swift in Sources */ = {isa = PBXBuildFile; fileRef = AA905158299207900071405D /* ImageServiceProtocol.swift */; };
		AA90515B299207CD0071405D /* ImageAPIService.swift in Sources */ = {isa = PBXBuildFile; fileRef = AA90515A299207CD0071405D /* ImageAPIService.swift */; };
		AA90515D299208210071405D /* ImageService.swift in Sources */ = {isa = PBXBuildFile; fileRef = AA90515C299208210071405D /* ImageService.swift */; };
		AA90515F299209BD0071405D /* FileManagerService.swift in Sources */ = {isa = PBXBuildFile; fileRef = AA90515E299209BD0071405D /* FileManagerService.swift */; };
		AA905161299244920071405D /* ListMoviesState.swift in Sources */ = {isa = PBXBuildFile; fileRef = AA905160299244920071405D /* ListMoviesState.swift */; };
		AA90516429925A2F0071405D /* UIViewController+Extension.swift in Sources */ = {isa = PBXBuildFile; fileRef = AA90516329925A2F0071405D /* UIViewController+Extension.swift */; };
		AAAD6AAF290958CB009C9672 /* SimilarMovieCollectionViewCell.swift in Sources */ = {isa = PBXBuildFile; fileRef = AAAD6AAE290958CB009C9672 /* SimilarMovieCollectionViewCell.swift */; };
		AAAD6AB129096E40009C9672 /* SimilarMovies.swift in Sources */ = {isa = PBXBuildFile; fileRef = AAAD6AB029096E40009C9672 /* SimilarMovies.swift */; };
		AAFBFED12993A0DF003E6E51 /* Typealias.swift in Sources */ = {isa = PBXBuildFile; fileRef = AAFBFED02993A0DF003E6E51 /* Typealias.swift */; };
		AAFBFED32993A175003E6E51 /* ImageAPIServiceProtocol.swift in Sources */ = {isa = PBXBuildFile; fileRef = AAFBFED22993A175003E6E51 /* ImageAPIServiceProtocol.swift */; };
/* End PBXBuildFile section */

/* Begin PBXCopyFilesBuildPhase section */
		AA4AF501290697A600236B5C /* Copy Files */ = {
			isa = PBXCopyFilesBuildPhase;
			buildActionMask = 2147483647;
			dstPath = "";
			dstSubfolderSpec = 7;
			files = (
			);
			name = "Copy Files";
			runOnlyForDeploymentPostprocessing = 0;
		};
/* End PBXCopyFilesBuildPhase section */

/* Begin PBXFileReference section */
		AA4AF4EA2906938B00236B5C /* MovieMVVM.app */ = {isa = PBXFileReference; explicitFileType = wrapper.application; includeInIndex = 0; path = MovieMVVM.app; sourceTree = BUILT_PRODUCTS_DIR; };
		AA4AF4ED2906938B00236B5C /* AppDelegate.swift */ = {isa = PBXFileReference; lastKnownFileType = sourcecode.swift; path = AppDelegate.swift; sourceTree = "<group>"; };
		AA4AF4EF2906938B00236B5C /* SceneDelegate.swift */ = {isa = PBXFileReference; lastKnownFileType = sourcecode.swift; path = SceneDelegate.swift; sourceTree = "<group>"; };
		AA4AF4F42906938B00236B5C /* Base */ = {isa = PBXFileReference; lastKnownFileType = file.storyboard; name = Base; path = Base.lproj/Main.storyboard; sourceTree = "<group>"; };
		AA4AF4F62906938D00236B5C /* Assets.xcassets */ = {isa = PBXFileReference; lastKnownFileType = folder.assetcatalog; path = Assets.xcassets; sourceTree = "<group>"; };
		AA4AF4F92906938D00236B5C /* Base */ = {isa = PBXFileReference; lastKnownFileType = file.storyboard; name = Base; path = Base.lproj/LaunchScreen.storyboard; sourceTree = "<group>"; };
		AA4AF4FB2906938D00236B5C /* Info.plist */ = {isa = PBXFileReference; lastKnownFileType = text.plist.xml; path = Info.plist; sourceTree = "<group>"; };
		AA4AF5072906A53900236B5C /* ListMoviesViewController.swift */ = {isa = PBXFileReference; lastKnownFileType = sourcecode.swift; path = ListMoviesViewController.swift; sourceTree = "<group>"; };
		AA4AF50A2906B4B100236B5C /* MovieTableViewCell.swift */ = {isa = PBXFileReference; lastKnownFileType = sourcecode.swift; path = MovieTableViewCell.swift; sourceTree = "<group>"; };
		AA4AF50C2906C66D00236B5C /* DetailMovieViewController.swift */ = {isa = PBXFileReference; lastKnownFileType = sourcecode.swift; path = DetailMovieViewController.swift; sourceTree = "<group>"; };
		AA4AF50F2906D1FB00236B5C /* MovieList.swift */ = {isa = PBXFileReference; lastKnownFileType = sourcecode.swift; path = MovieList.swift; sourceTree = "<group>"; };
		AA9051302992006B0071405D /* DetailMovieBuilder.swift */ = {isa = PBXFileReference; lastKnownFileType = sourcecode.swift; path = DetailMovieBuilder.swift; sourceTree = "<group>"; };
		AA9051322992007C0071405D /* DetailMovieBuilderProtocol.swift */ = {isa = PBXFileReference; lastKnownFileType = sourcecode.swift; path = DetailMovieBuilderProtocol.swift; sourceTree = "<group>"; };
		AA905134299200C50071405D /* ListMoviesBuilder.swift */ = {isa = PBXFileReference; lastKnownFileType = sourcecode.swift; path = ListMoviesBuilder.swift; sourceTree = "<group>"; };
		AA905136299200D60071405D /* ListMoviesBuilderProtocol.swift */ = {isa = PBXFileReference; lastKnownFileType = sourcecode.swift; path = ListMoviesBuilderProtocol.swift; sourceTree = "<group>"; };
		AA905139299200FF0071405D /* BaseCoordinator.swift */ = {isa = PBXFileReference; lastKnownFileType = sourcecode.swift; path = BaseCoordinator.swift; sourceTree = "<group>"; };
		AA90513B299201200071405D /* ApplicationCoordinator.swift */ = {isa = PBXFileReference; lastKnownFileType = sourcecode.swift; path = ApplicationCoordinator.swift; sourceTree = "<group>"; };
		AA90513D2992012F0071405D /* MovieCoordinator.swift */ = {isa = PBXFileReference; lastKnownFileType = sourcecode.swift; path = MovieCoordinator.swift; sourceTree = "<group>"; };
		AA9051402992015A0071405D /* CategoryMovies.swift */ = {isa = PBXFileReference; lastKnownFileType = sourcecode.swift; path = CategoryMovies.swift; sourceTree = "<group>"; };
		AA905143299201A10071405D /* NetworkServiceProtocol.swift */ = {isa = PBXFileReference; lastKnownFileType = sourcecode.swift; path = NetworkServiceProtocol.swift; sourceTree = "<group>"; };
		AA905145299201B20071405D /* NetworkService.swift */ = {isa = PBXFileReference; lastKnownFileType = sourcecode.swift; path = NetworkService.swift; sourceTree = "<group>"; };
		AA905148299201D50071405D /* ListMoviesViewModel.swift */ = {isa = PBXFileReference; lastKnownFileType = sourcecode.swift; path = ListMoviesViewModel.swift; sourceTree = "<group>"; };
		AA90514A299201E20071405D /* ListMoviesViewModelProtocol.swift */ = {isa = PBXFileReference; lastKnownFileType = sourcecode.swift; path = ListMoviesViewModelProtocol.swift; sourceTree = "<group>"; };
		AA90514C299201F10071405D /* DetailMovieViewModelProtocol.swift */ = {isa = PBXFileReference; lastKnownFileType = sourcecode.swift; path = DetailMovieViewModelProtocol.swift; sourceTree = "<group>"; };
		AA90514E299201FE0071405D /* DetailMovieViewModel.swift */ = {isa = PBXFileReference; lastKnownFileType = sourcecode.swift; path = DetailMovieViewModel.swift; sourceTree = "<group>"; };
		AA905150299202170071405D /* Movie.swift */ = {isa = PBXFileReference; lastKnownFileType = sourcecode.swift; path = Movie.swift; sourceTree = "<group>"; };
		AA9051522992022D0071405D /* SimilarMovie.swift */ = {isa = PBXFileReference; lastKnownFileType = sourcecode.swift; path = SimilarMovie.swift; sourceTree = "<group>"; };
		AA9051562992072D0071405D /* Proxy.swift */ = {isa = PBXFileReference; lastKnownFileType = sourcecode.swift; path = Proxy.swift; sourceTree = "<group>"; };
		AA905158299207900071405D /* ImageServiceProtocol.swift */ = {isa = PBXFileReference; lastKnownFileType = sourcecode.swift; path = ImageServiceProtocol.swift; sourceTree = "<group>"; };
		AA90515A299207CD0071405D /* ImageAPIService.swift */ = {isa = PBXFileReference; lastKnownFileType = sourcecode.swift; path = ImageAPIService.swift; sourceTree = "<group>"; };
		AA90515C299208210071405D /* ImageService.swift */ = {isa = PBXFileReference; lastKnownFileType = sourcecode.swift; path = ImageService.swift; sourceTree = "<group>"; };
		AA90515E299209BD0071405D /* FileManagerService.swift */ = {isa = PBXFileReference; lastKnownFileType = sourcecode.swift; path = FileManagerService.swift; sourceTree = "<group>"; };
		AA905160299244920071405D /* ListMoviesState.swift */ = {isa = PBXFileReference; lastKnownFileType = sourcecode.swift; path = ListMoviesState.swift; sourceTree = "<group>"; };
		AA90516329925A2F0071405D /* UIViewController+Extension.swift */ = {isa = PBXFileReference; lastKnownFileType = sourcecode.swift; path = "UIViewController+Extension.swift"; sourceTree = "<group>"; };
		AAAD6AAE290958CB009C9672 /* SimilarMovieCollectionViewCell.swift */ = {isa = PBXFileReference; lastKnownFileType = sourcecode.swift; path = SimilarMovieCollectionViewCell.swift; sourceTree = "<group>"; };
		AAAD6AB029096E40009C9672 /* SimilarMovies.swift */ = {isa = PBXFileReference; lastKnownFileType = sourcecode.swift; path = SimilarMovies.swift; sourceTree = "<group>"; };
		AAFBFED02993A0DF003E6E51 /* Typealias.swift */ = {isa = PBXFileReference; lastKnownFileType = sourcecode.swift; path = Typealias.swift; sourceTree = "<group>"; };
		AAFBFED22993A175003E6E51 /* ImageAPIServiceProtocol.swift */ = {isa = PBXFileReference; lastKnownFileType = sourcecode.swift; path = ImageAPIServiceProtocol.swift; sourceTree = "<group>"; };
/* End PBXFileReference section */

/* Begin PBXFrameworksBuildPhase section */
		AA4AF4E72906938B00236B5C /* Frameworks */ = {
			isa = PBXFrameworksBuildPhase;
			buildActionMask = 2147483647;
			files = (
			);
			runOnlyForDeploymentPostprocessing = 0;
		};
/* End PBXFrameworksBuildPhase section */

/* Begin PBXGroup section */
		AA4AF4E12906938B00236B5C = {
			isa = PBXGroup;
			children = (
				AA4AF4EC2906938B00236B5C /* MovieMVVM */,
				AA4AF4EB2906938B00236B5C /* Products */,
			);
			sourceTree = "<group>";
		};
		AA4AF4EB2906938B00236B5C /* Products */ = {
			isa = PBXGroup;
			children = (
				AA4AF4EA2906938B00236B5C /* MovieMVVM.app */,
			);
			name = Products;
			sourceTree = "<group>";
		};
		AA4AF4EC2906938B00236B5C /* MovieMVVM */ = {
			isa = PBXGroup;
			children = (
				AAFBFECF2993A0D2003E6E51 /* Typealias */,
				AA90516229925A1B0071405D /* Extensions */,
				AA9051552992070F0071405D /* Proxy */,
				AA90512F299200590071405D /* Builders */,
				AA905138299200ED0071405D /* Coordinators */,
				AA90513F2992013F0071405D /* Enums */,
				AA905142299201800071405D /* Network */,
				AA905147299201C60071405D /* ViewModels */,
				AA4AF50E2906D19B00236B5C /* Models */,
				AA4AF5092906B49300236B5C /* Views */,
				AA4AF4ED2906938B00236B5C /* AppDelegate.swift */,
				AA4AF4EF2906938B00236B5C /* SceneDelegate.swift */,
				AA4AF4F32906938B00236B5C /* Main.storyboard */,
				AA4AF4F62906938D00236B5C /* Assets.xcassets */,
				AA4AF4F82906938D00236B5C /* LaunchScreen.storyboard */,
				AA4AF4FB2906938D00236B5C /* Info.plist */,
			);
			path = MovieMVVM;
			sourceTree = "<group>";
		};
		AA4AF5092906B49300236B5C /* Views */ = {
			isa = PBXGroup;
			children = (
				AA4AF5072906A53900236B5C /* ListMoviesViewController.swift */,
				AA4AF50A2906B4B100236B5C /* MovieTableViewCell.swift */,
				AAAD6AAE290958CB009C9672 /* SimilarMovieCollectionViewCell.swift */,
				AA4AF50C2906C66D00236B5C /* DetailMovieViewController.swift */,
			);
			path = Views;
			sourceTree = "<group>";
		};
		AA4AF50E2906D19B00236B5C /* Models */ = {
			isa = PBXGroup;
			children = (
				AA4AF50F2906D1FB00236B5C /* MovieList.swift */,
				AA905150299202170071405D /* Movie.swift */,
				AAAD6AB029096E40009C9672 /* SimilarMovies.swift */,
				AA9051522992022D0071405D /* SimilarMovie.swift */,
			);
			path = Models;
			sourceTree = "<group>";
		};
		AA90512F299200590071405D /* Builders */ = {
			isa = PBXGroup;
			children = (
				AA9051302992006B0071405D /* DetailMovieBuilder.swift */,
				AA9051322992007C0071405D /* DetailMovieBuilderProtocol.swift */,
				AA905134299200C50071405D /* ListMoviesBuilder.swift */,
				AA905136299200D60071405D /* ListMoviesBuilderProtocol.swift */,
			);
			path = Builders;
			sourceTree = "<group>";
		};
		AA905138299200ED0071405D /* Coordinators */ = {
			isa = PBXGroup;
			children = (
				AA905139299200FF0071405D /* BaseCoordinator.swift */,
				AA90513B299201200071405D /* ApplicationCoordinator.swift */,
				AA90513D2992012F0071405D /* MovieCoordinator.swift */,
			);
			path = Coordinators;
			sourceTree = "<group>";
		};
		AA90513F2992013F0071405D /* Enums */ = {
			isa = PBXGroup;
			children = (
				AA9051402992015A0071405D /* CategoryMovies.swift */,
				AA905160299244920071405D /* ListMoviesState.swift */,
			);
			path = Enums;
			sourceTree = "<group>";
		};
		AA905142299201800071405D /* Network */ = {
			isa = PBXGroup;
			children = (
				AA905143299201A10071405D /* NetworkServiceProtocol.swift */,
				AA905145299201B20071405D /* NetworkService.swift */,
			);
			path = Network;
			sourceTree = "<group>";
		};
		AA905147299201C60071405D /* ViewModels */ = {
			isa = PBXGroup;
			children = (
				AA905148299201D50071405D /* ListMoviesViewModel.swift */,
				AA90514A299201E20071405D /* ListMoviesViewModelProtocol.swift */,
				AA90514C299201F10071405D /* DetailMovieViewModelProtocol.swift */,
				AA90514E299201FE0071405D /* DetailMovieViewModel.swift */,
			);
			path = ViewModels;
			sourceTree = "<group>";
		};
		AA9051552992070F0071405D /* Proxy */ = {
			isa = PBXGroup;
			children = (
				AA905158299207900071405D /* ImageServiceProtocol.swift */,
				AA90515C299208210071405D /* ImageService.swift */,
				AA9051562992072D0071405D /* Proxy.swift */,
				AA90515E299209BD0071405D /* FileManagerService.swift */,
				AAFBFED22993A175003E6E51 /* ImageAPIServiceProtocol.swift */,
				AA90515A299207CD0071405D /* ImageAPIService.swift */,
			);
			path = Proxy;
			sourceTree = "<group>";
		};
		AA90516229925A1B0071405D /* Extensions */ = {
			isa = PBXGroup;
			children = (
				AA90516329925A2F0071405D /* UIViewController+Extension.swift */,
			);
			path = Extensions;
			sourceTree = "<group>";
		};
		AAFBFECF2993A0D2003E6E51 /* Typealias */ = {
			isa = PBXGroup;
			children = (
				AAFBFED02993A0DF003E6E51 /* Typealias.swift */,
			);
			path = Typealias;
			sourceTree = "<group>";
		};
/* End PBXGroup section */

/* Begin PBXNativeTarget section */
		AA4AF4E92906938B00236B5C /* MovieMVVM */ = {
			isa = PBXNativeTarget;
			buildConfigurationList = AA4AF4FE2906938D00236B5C /* Build configuration list for PBXNativeTarget "MovieMVVM" */;
			buildPhases = (
				AA4AF4E62906938B00236B5C /* Sources */,
				AA4AF4E72906938B00236B5C /* Frameworks */,
				AA4AF4E82906938B00236B5C /* Resources */,
				AA4AF501290697A600236B5C /* Copy Files */,
				AA4AF502290697B500236B5C /* SwiftFormat */,
				AA4AF503290699CD00236B5C /* SwiftLint */,
			);
			buildRules = (
			);
			dependencies = (
			);
			name = MovieMVVM;
			productName = MovieFirst;
			productReference = AA4AF4EA2906938B00236B5C /* MovieMVVM.app */;
			productType = "com.apple.product-type.application";
		};
/* End PBXNativeTarget section */

/* Begin PBXProject section */
		AA4AF4E22906938B00236B5C /* Project object */ = {
			isa = PBXProject;
			attributes = {
				BuildIndependentTargetsInParallel = 1;
				LastSwiftUpdateCheck = 1340;
				LastUpgradeCheck = 1340;
				TargetAttributes = {
					AA4AF4E92906938B00236B5C = {
						CreatedOnToolsVersion = 13.4.1;
					};
				};
			};
			buildConfigurationList = AA4AF4E52906938B00236B5C /* Build configuration list for PBXProject "MovieMVVM" */;
			compatibilityVersion = "Xcode 13.0";
			developmentRegion = en;
			hasScannedForEncodings = 0;
			knownRegions = (
				en,
				Base,
			);
			mainGroup = AA4AF4E12906938B00236B5C;
			productRefGroup = AA4AF4EB2906938B00236B5C /* Products */;
			projectDirPath = "";
			projectRoot = "";
			targets = (
				AA4AF4E92906938B00236B5C /* MovieMVVM */,
			);
		};
/* End PBXProject section */

/* Begin PBXResourcesBuildPhase section */
		AA4AF4E82906938B00236B5C /* Resources */ = {
			isa = PBXResourcesBuildPhase;
			buildActionMask = 2147483647;
			files = (
				AA4AF4FA2906938D00236B5C /* LaunchScreen.storyboard in Resources */,
				AA4AF4F72906938D00236B5C /* Assets.xcassets in Resources */,
				AA4AF4F52906938B00236B5C /* Main.storyboard in Resources */,
			);
			runOnlyForDeploymentPostprocessing = 0;
		};
/* End PBXResourcesBuildPhase section */

/* Begin PBXShellScriptBuildPhase section */
		AA4AF502290697B500236B5C /* SwiftFormat */ = {
			isa = PBXShellScriptBuildPhase;
			buildActionMask = 2147483647;
			files = (
			);
			inputFileListPaths = (
			);
			inputPaths = (
			);
			name = SwiftFormat;
			outputFileListPaths = (
			);
			outputPaths = (
			);
			runOnlyForDeploymentPostprocessing = 0;
			shellPath = /bin/sh;
			shellScript = "export PATH=/opt/homebrew/bin:$PATH\nif which swiftformat >/dev/null; then\n  swiftformat .\nelse\n  echo \"warning: SwiftFormat not installed, download from https://github.com/nicklockwood/SwiftFormat\"\nfi\n";
		};
		AA4AF503290699CD00236B5C /* SwiftLint */ = {
			isa = PBXShellScriptBuildPhase;
			buildActionMask = 2147483647;
			files = (
			);
			inputFileListPaths = (
			);
			inputPaths = (
			);
			name = SwiftLint;
			outputFileListPaths = (
			);
			outputPaths = (
			);
			runOnlyForDeploymentPostprocessing = 0;
			shellPath = /bin/sh;
			shellScript = "export PATH=/opt/homebrew/bin:$PATH\nif which swiftlint > /dev/null; then\n  swiftlint\nelse\n  echo \"warning: SwiftLint not installed, download from https://github.com/realm/SwiftLint\"\nfi\n";
		};
/* End PBXShellScriptBuildPhase section */

/* Begin PBXSourcesBuildPhase section */
		AA4AF4E62906938B00236B5C /* Sources */ = {
			isa = PBXSourcesBuildPhase;
			buildActionMask = 2147483647;
			files = (
				AA9051412992015A0071405D /* CategoryMovies.swift in Sources */,
				AA905159299207900071405D /* ImageServiceProtocol.swift in Sources */,
				AA4AF5102906D1FB00236B5C /* MovieList.swift in Sources */,
				AA90514F299201FE0071405D /* DetailMovieViewModel.swift in Sources */,
				AA905151299202170071405D /* Movie.swift in Sources */,
				AA90514D299201F10071405D /* DetailMovieViewModelProtocol.swift in Sources */,
				AA4AF50D2906C66D00236B5C /* DetailMovieViewController.swift in Sources */,
				AA9051532992022D0071405D /* SimilarMovie.swift in Sources */,
				AA90513A299200FF0071405D /* BaseCoordinator.swift in Sources */,
				AA905146299201B20071405D /* NetworkService.swift in Sources */,
				AA905161299244920071405D /* ListMoviesState.swift in Sources */,
				AA90516429925A2F0071405D /* UIViewController+Extension.swift in Sources */,
				AA905144299201A10071405D /* NetworkServiceProtocol.swift in Sources */,
				AA90515F299209BD0071405D /* FileManagerService.swift in Sources */,
				AA9051332992007C0071405D /* DetailMovieBuilderProtocol.swift in Sources */,
				AA90514B299201E20071405D /* ListMoviesViewModelProtocol.swift in Sources */,
				AA90515D299208210071405D /* ImageService.swift in Sources */,
				AA9051312992006B0071405D /* DetailMovieBuilder.swift in Sources */,
				AA90515B299207CD0071405D /* ImageAPIService.swift in Sources */,
				AAAD6AB129096E40009C9672 /* SimilarMovies.swift in Sources */,
				AA4AF4EE2906938B00236B5C /* AppDelegate.swift in Sources */,
				AA905137299200D60071405D /* ListMoviesBuilderProtocol.swift in Sources */,
				AAFBFED12993A0DF003E6E51 /* Typealias.swift in Sources */,
				AA4AF4F02906938B00236B5C /* SceneDelegate.swift in Sources */,
				AA4AF50B2906B4B100236B5C /* MovieTableViewCell.swift in Sources */,
				AA905149299201D50071405D /* ListMoviesViewModel.swift in Sources */,
				AA9051572992072D0071405D /* Proxy.swift in Sources */,
				AA4AF5082906A53900236B5C /* ListMoviesViewController.swift in Sources */,
				AAFBFED32993A175003E6E51 /* ImageAPIServiceProtocol.swift in Sources */,
				AA90513E2992012F0071405D /* MovieCoordinator.swift in Sources */,
				AAAD6AAF290958CB009C9672 /* SimilarMovieCollectionViewCell.swift in Sources */,
				AA905135299200C50071405D /* ListMoviesBuilder.swift in Sources */,
				AA90513C299201200071405D /* ApplicationCoordinator.swift in Sources */,
			);
			runOnlyForDeploymentPostprocessing = 0;
		};
/* End PBXSourcesBuildPhase section */

/* Begin PBXVariantGroup section */
		AA4AF4F32906938B00236B5C /* Main.storyboard */ = {
			isa = PBXVariantGroup;
			children = (
				AA4AF4F42906938B00236B5C /* Base */,
			);
			name = Main.storyboard;
			sourceTree = "<group>";
		};
		AA4AF4F82906938D00236B5C /* LaunchScreen.storyboard */ = {
			isa = PBXVariantGroup;
			children = (
				AA4AF4F92906938D00236B5C /* Base */,
			);
			name = LaunchScreen.storyboard;
			sourceTree = "<group>";
		};
/* End PBXVariantGroup section */

/* Begin XCBuildConfiguration section */
		AA4AF4FC2906938D00236B5C /* Debug */ = {
			isa = XCBuildConfiguration;
			buildSettings = {
				ALWAYS_SEARCH_USER_PATHS = NO;
				CLANG_ANALYZER_NONNULL = YES;
				CLANG_ANALYZER_NUMBER_OBJECT_CONVERSION = YES_AGGRESSIVE;
				CLANG_CXX_LANGUAGE_STANDARD = "gnu++17";
				CLANG_ENABLE_MODULES = YES;
				CLANG_ENABLE_OBJC_ARC = YES;
				CLANG_ENABLE_OBJC_WEAK = YES;
				CLANG_WARN_BLOCK_CAPTURE_AUTORELEASING = YES;
				CLANG_WARN_BOOL_CONVERSION = YES;
				CLANG_WARN_COMMA = YES;
				CLANG_WARN_CONSTANT_CONVERSION = YES;
				CLANG_WARN_DEPRECATED_OBJC_IMPLEMENTATIONS = YES;
				CLANG_WARN_DIRECT_OBJC_ISA_USAGE = YES_ERROR;
				CLANG_WARN_DOCUMENTATION_COMMENTS = YES;
				CLANG_WARN_EMPTY_BODY = YES;
				CLANG_WARN_ENUM_CONVERSION = YES;
				CLANG_WARN_INFINITE_RECURSION = YES;
				CLANG_WARN_INT_CONVERSION = YES;
				CLANG_WARN_NON_LITERAL_NULL_CONVERSION = YES;
				CLANG_WARN_OBJC_IMPLICIT_RETAIN_SELF = YES;
				CLANG_WARN_OBJC_LITERAL_CONVERSION = YES;
				CLANG_WARN_OBJC_ROOT_CLASS = YES_ERROR;
				CLANG_WARN_QUOTED_INCLUDE_IN_FRAMEWORK_HEADER = YES;
				CLANG_WARN_RANGE_LOOP_ANALYSIS = YES;
				CLANG_WARN_STRICT_PROTOTYPES = YES;
				CLANG_WARN_SUSPICIOUS_MOVE = YES;
				CLANG_WARN_UNGUARDED_AVAILABILITY = YES_AGGRESSIVE;
				CLANG_WARN_UNREACHABLE_CODE = YES;
				CLANG_WARN__DUPLICATE_METHOD_MATCH = YES;
				COPY_PHASE_STRIP = NO;
				DEBUG_INFORMATION_FORMAT = dwarf;
				ENABLE_STRICT_OBJC_MSGSEND = YES;
				ENABLE_TESTABILITY = YES;
				GCC_C_LANGUAGE_STANDARD = gnu11;
				GCC_DYNAMIC_NO_PIC = NO;
				GCC_NO_COMMON_BLOCKS = YES;
				GCC_OPTIMIZATION_LEVEL = 0;
				GCC_PREPROCESSOR_DEFINITIONS = (
					"DEBUG=1",
					"$(inherited)",
				);
				GCC_WARN_64_TO_32_BIT_CONVERSION = YES;
				GCC_WARN_ABOUT_RETURN_TYPE = YES_ERROR;
				GCC_WARN_UNDECLARED_SELECTOR = YES;
				GCC_WARN_UNINITIALIZED_AUTOS = YES_AGGRESSIVE;
				GCC_WARN_UNUSED_FUNCTION = YES;
				GCC_WARN_UNUSED_VARIABLE = YES;
				IPHONEOS_DEPLOYMENT_TARGET = 16.0;
				MTL_ENABLE_DEBUG_INFO = INCLUDE_SOURCE;
				MTL_FAST_MATH = YES;
				ONLY_ACTIVE_ARCH = YES;
				SDKROOT = iphoneos;
				SWIFT_ACTIVE_COMPILATION_CONDITIONS = DEBUG;
				SWIFT_OPTIMIZATION_LEVEL = "-Onone";
			};
			name = Debug;
		};
		AA4AF4FD2906938D00236B5C /* Release */ = {
			isa = XCBuildConfiguration;
			buildSettings = {
				ALWAYS_SEARCH_USER_PATHS = NO;
				CLANG_ANALYZER_NONNULL = YES;
				CLANG_ANALYZER_NUMBER_OBJECT_CONVERSION = YES_AGGRESSIVE;
				CLANG_CXX_LANGUAGE_STANDARD = "gnu++17";
				CLANG_ENABLE_MODULES = YES;
				CLANG_ENABLE_OBJC_ARC = YES;
				CLANG_ENABLE_OBJC_WEAK = YES;
				CLANG_WARN_BLOCK_CAPTURE_AUTORELEASING = YES;
				CLANG_WARN_BOOL_CONVERSION = YES;
				CLANG_WARN_COMMA = YES;
				CLANG_WARN_CONSTANT_CONVERSION = YES;
				CLANG_WARN_DEPRECATED_OBJC_IMPLEMENTATIONS = YES;
				CLANG_WARN_DIRECT_OBJC_ISA_USAGE = YES_ERROR;
				CLANG_WARN_DOCUMENTATION_COMMENTS = YES;
				CLANG_WARN_EMPTY_BODY = YES;
				CLANG_WARN_ENUM_CONVERSION = YES;
				CLANG_WARN_INFINITE_RECURSION = YES;
				CLANG_WARN_INT_CONVERSION = YES;
				CLANG_WARN_NON_LITERAL_NULL_CONVERSION = YES;
				CLANG_WARN_OBJC_IMPLICIT_RETAIN_SELF = YES;
				CLANG_WARN_OBJC_LITERAL_CONVERSION = YES;
				CLANG_WARN_OBJC_ROOT_CLASS = YES_ERROR;
				CLANG_WARN_QUOTED_INCLUDE_IN_FRAMEWORK_HEADER = YES;
				CLANG_WARN_RANGE_LOOP_ANALYSIS = YES;
				CLANG_WARN_STRICT_PROTOTYPES = YES;
				CLANG_WARN_SUSPICIOUS_MOVE = YES;
				CLANG_WARN_UNGUARDED_AVAILABILITY = YES_AGGRESSIVE;
				CLANG_WARN_UNREACHABLE_CODE = YES;
				CLANG_WARN__DUPLICATE_METHOD_MATCH = YES;
				COPY_PHASE_STRIP = NO;
				DEBUG_INFORMATION_FORMAT = "dwarf-with-dsym";
				ENABLE_NS_ASSERTIONS = NO;
				ENABLE_STRICT_OBJC_MSGSEND = YES;
				GCC_C_LANGUAGE_STANDARD = gnu11;
				GCC_NO_COMMON_BLOCKS = YES;
				GCC_WARN_64_TO_32_BIT_CONVERSION = YES;
				GCC_WARN_ABOUT_RETURN_TYPE = YES_ERROR;
				GCC_WARN_UNDECLARED_SELECTOR = YES;
				GCC_WARN_UNINITIALIZED_AUTOS = YES_AGGRESSIVE;
				GCC_WARN_UNUSED_FUNCTION = YES;
				GCC_WARN_UNUSED_VARIABLE = YES;
				IPHONEOS_DEPLOYMENT_TARGET = 16.0;
				MTL_ENABLE_DEBUG_INFO = NO;
				MTL_FAST_MATH = YES;
				SDKROOT = iphoneos;
				SWIFT_COMPILATION_MODE = wholemodule;
				SWIFT_OPTIMIZATION_LEVEL = "-O";
				VALIDATE_PRODUCT = YES;
			};
			name = Release;
		};
		AA4AF4FF2906938D00236B5C /* Debug */ = {
			isa = XCBuildConfiguration;
			buildSettings = {
				ASSETCATALOG_COMPILER_APPICON_NAME = AppIcon;
				ASSETCATALOG_COMPILER_GLOBAL_ACCENT_COLOR_NAME = AccentColor;
				CODE_SIGN_STYLE = Automatic;
				CURRENT_PROJECT_VERSION = 1;
				DEVELOPMENT_TEAM = VJ39792262;
				GENERATE_INFOPLIST_FILE = YES;
				INFOPLIST_FILE = MovieMVVM/Info.plist;
				INFOPLIST_KEY_UIApplicationSupportsIndirectInputEvents = YES;
				INFOPLIST_KEY_UILaunchStoryboardName = LaunchScreen;
				INFOPLIST_KEY_UIMainStoryboardFile = Main;
				INFOPLIST_KEY_UISupportedInterfaceOrientations_iPad = "UIInterfaceOrientationPortrait UIInterfaceOrientationPortraitUpsideDown UIInterfaceOrientationLandscapeLeft UIInterfaceOrientationLandscapeRight";
				INFOPLIST_KEY_UISupportedInterfaceOrientations_iPhone = "UIInterfaceOrientationPortrait UIInterfaceOrientationLandscapeLeft UIInterfaceOrientationLandscapeRight";
				LD_RUNPATH_SEARCH_PATHS = (
					"$(inherited)",
					"@executable_path/Frameworks",
				);
				MARKETING_VERSION = 1.0;
				PRODUCT_BUNDLE_IDENTIFIER = solovev93aa.MovieMVVM;
				PRODUCT_NAME = "$(TARGET_NAME)";
				SWIFT_EMIT_LOC_STRINGS = YES;
				SWIFT_VERSION = 5.0;
				TARGETED_DEVICE_FAMILY = "1,2";
			};
			name = Debug;
		};
		AA4AF5002906938D00236B5C /* Release */ = {
			isa = XCBuildConfiguration;
			buildSettings = {
				ASSETCATALOG_COMPILER_APPICON_NAME = AppIcon;
				ASSETCATALOG_COMPILER_GLOBAL_ACCENT_COLOR_NAME = AccentColor;
				CODE_SIGN_STYLE = Automatic;
				CURRENT_PROJECT_VERSION = 1;
				DEVELOPMENT_TEAM = VJ39792262;
				GENERATE_INFOPLIST_FILE = YES;
				INFOPLIST_FILE = MovieMVVM/Info.plist;
				INFOPLIST_KEY_UIApplicationSupportsIndirectInputEvents = YES;
				INFOPLIST_KEY_UILaunchStoryboardName = LaunchScreen;
				INFOPLIST_KEY_UIMainStoryboardFile = Main;
				INFOPLIST_KEY_UISupportedInterfaceOrientations_iPad = "UIInterfaceOrientationPortrait UIInterfaceOrientationPortraitUpsideDown UIInterfaceOrientationLandscapeLeft UIInterfaceOrientationLandscapeRight";
				INFOPLIST_KEY_UISupportedInterfaceOrientations_iPhone = "UIInterfaceOrientationPortrait UIInterfaceOrientationLandscapeLeft UIInterfaceOrientationLandscapeRight";
				LD_RUNPATH_SEARCH_PATHS = (
					"$(inherited)",
					"@executable_path/Frameworks",
				);
				MARKETING_VERSION = 1.0;
				PRODUCT_BUNDLE_IDENTIFIER = solovev93aa.MovieMVVM;
				PRODUCT_NAME = "$(TARGET_NAME)";
				SWIFT_EMIT_LOC_STRINGS = YES;
				SWIFT_VERSION = 5.0;
				TARGETED_DEVICE_FAMILY = "1,2";
			};
			name = Release;
		};
/* End XCBuildConfiguration section */

/* Begin XCConfigurationList section */
		AA4AF4E52906938B00236B5C /* Build configuration list for PBXProject "MovieMVVM" */ = {
			isa = XCConfigurationList;
			buildConfigurations = (
				AA4AF4FC2906938D00236B5C /* Debug */,
				AA4AF4FD2906938D00236B5C /* Release */,
			);
			defaultConfigurationIsVisible = 0;
			defaultConfigurationName = Release;
		};
		AA4AF4FE2906938D00236B5C /* Build configuration list for PBXNativeTarget "MovieMVVM" */ = {
			isa = XCConfigurationList;
			buildConfigurations = (
				AA4AF4FF2906938D00236B5C /* Debug */,
				AA4AF5002906938D00236B5C /* Release */,
			);
			defaultConfigurationIsVisible = 0;
			defaultConfigurationName = Release;
		};
/* End XCConfigurationList section */
	};
	rootObject = AA4AF4E22906938B00236B5C /* Project object */;
}
